// !$*UTF8*$!
{
	archiveVersion = 1;
	classes = {
	};
	objectVersion = 56;
	objects = {

/* Begin PBXBuildFile section */
		CC000003CC000003CC000003 /* AppDelegate.swift in Sources */ = {isa = PBXBuildFile; fileRef = CC000002CC000002CC000002 /* AppDelegate.swift */; };
		CC000005CC000005CC000005 /* ViewController.swift in Sources */ = {isa = PBXBuildFile; fileRef = CC000004CC000004CC000004 /* ViewController.swift */; };
		EE000003EE000003EE000003 /* KeyboardViewController.swift in Sources */ = {isa = PBXBuildFile; fileRef = EE000002EE000002EE000002 /* KeyboardViewController.swift */; };
		HH000002HH000002HH000002 /* APIClient.swift in Sources */ = {isa = PBXBuildFile; fileRef = HH000001HH000001HH000001 /* APIClient.swift */; };
		HH000004HH000004HH000004 /* Models.swift in Sources */ = {isa = PBXBuildFile; fileRef = HH000003HH000003HH000003 /* Models.swift */; };
		HH000014HH000014HH000014 /* AITypes.swift in Sources */ = {isa = PBXBuildFile; fileRef = HH000006HH000006HH000006 /* AITypes.swift */; };
		HH000015HH000015HH000015 /* KeyStore.swift in Sources */ = {isa = PBXBuildFile; fileRef = HH000007HH000007HH000007 /* KeyStore.swift */; };
		HH000016HH000016HH000016 /* ModelRegistry.swift in Sources */ = {isa = PBXBuildFile; fileRef = HH000008HH000008HH000008 /* ModelRegistry.swift */; };
		HH000017HH000017HH000017 /* CommandRouter.swift in Sources */ = {isa = PBXBuildFile; fileRef = HH000009HH000009HH000009 /* CommandRouter.swift */; };
		HH000018HH000018HH000018 /* FalProvider.swift in Sources */ = {isa = PBXBuildFile; fileRef = HH000010HH000010HH000010 /* FalProvider.swift */; };
		HH000019HH000019HH000019 /* AnthropicProvider.swift in Sources */ = {isa = PBXBuildFile; fileRef = HH000011HH000011HH000011 /* AnthropicProvider.swift */; };
		HH000020HH000020HH000020 /* GoogleProvider.swift in Sources */ = {isa = PBXBuildFile; fileRef = HH000012HH000012HH000012 /* GoogleProvider.swift */; };
		HH000021HH000021HH000021 /* OpenAIProvider.swift in Sources */ = {isa = PBXBuildFile; fileRef = HH000013HH000013HH000013 /* OpenAIProvider.swift */; };
		HH000023HH000023HH000023 /* LMStudioProvider.swift in Sources */ = {isa = PBXBuildFile; fileRef = HH000022HH000022HH000022 /* LMStudioProvider.swift */; };
		HH000025HH000025HH000025 /* PromptLoader.swift in Sources */ = {isa = PBXBuildFile; fileRef = HH000024HH000024HH000024 /* PromptLoader.swift */; };
		HH000027HH000027HH000027 /* HTMLImageRenderer.swift in Sources */ = {isa = PBXBuildFile; fileRef = HH000026HH000026HH000026 /* HTMLImageRenderer.swift */; };
		HH000029HH000029HH000029 /* org_template.html in Resources */ = {isa = PBXBuildFile; fileRef = HH000028HH000028HH000028 /* org_template.html */; };
		HH000032HH000032HH000032 /* html-to-image.js in Resources */ = {isa = PBXBuildFile; fileRef = HH000031HH000031HH000031 /* html-to-image.js */; };
		HH000034HH000034HH000034 /* OrgImageRenderer.swift in Sources */ = {isa = PBXBuildFile; fileRef = HH000033HH000033HH000033 /* OrgImageRenderer.swift */; };
		HH000036HH000036HH000036 /* VoiceInputController.swift in Sources */ = {isa = PBXBuildFile; fileRef = HH000035HH000035HH000035 /* VoiceInputController.swift */; };
		HH000040HH000040HH000040 /* IntegrationKit.swift in Sources */ = {isa = PBXBuildFile; fileRef = HH000041HH000041HH000041 /* IntegrationKit.swift */; };
		HH000042HH000042HH000042 /* IntegrationRegistry.swift in Sources */ = {isa = PBXBuildFile; fileRef = HH000043HH000043HH000043 /* IntegrationRegistry.swift */; };
		HH000044HH000044HH000044 /* SplitTypes.swift in Sources */ = {isa = PBXBuildFile; fileRef = HH000045HH000045HH000045 /* SplitTypes.swift */; };
		HH000046HH000046HH000046 /* SplitIntegration.swift in Sources */ = {isa = PBXBuildFile; fileRef = HH000047HH000047HH000047 /* SplitIntegration.swift */; };
		HH000048HH000048HH000048 /* SplitPanelView.swift in Sources */ = {isa = PBXBuildFile; fileRef = HH000049HH000049HH000049 /* SplitPanelView.swift */; };
		HH000050HH000050HH000050 /* SplitHistoryView.swift in Sources */ = {isa = PBXBuildFile; fileRef = HH000051HH000051HH000051 /* SplitHistoryView.swift */; };
		HH000060HH000060HH000060 /* SplitDetailViewController.swift in Sources */ = {isa = PBXBuildFile; fileRef = HH000061HH000061HH000061 /* SplitDetailViewController.swift */; };
		HH000062HH000062HH000062 /* SplitTypes.swift in Sources */ = {isa = PBXBuildFile; fileRef = HH000045HH000045HH000045 /* SplitTypes.swift */; };
		HH000063HH000063HH000063 /* SplitPanelView.swift in Sources */ = {isa = PBXBuildFile; fileRef = HH000049HH000049HH000049 /* SplitPanelView.swift */; };
		HH000070HH000070HH000070 /* SplitKeychain.swift in Sources */ = {isa = PBXBuildFile; fileRef = HH000071HH000071HH000071 /* SplitKeychain.swift */; };
		HH000072HH000072HH000072 /* SplitOAuth.swift in Sources */ = {isa = PBXBuildFile; fileRef = HH000073HH000073HH000073 /* SplitOAuth.swift */; };
		HH000074HH000074HH000074 /* SplitSheetsClient.swift in Sources */ = {isa = PBXBuildFile; fileRef = HH000075HH000075HH000075 /* SplitSheetsClient.swift */; };
		HH000076HH000076HH000076 /* SplitDriveClient.swift in Sources */ = {isa = PBXBuildFile; fileRef = HH000077HH000077HH000077 /* SplitDriveClient.swift */; };
		HH000078HH000078HH000078 /* SplitCloudSync.swift in Sources */ = {isa = PBXBuildFile; fileRef = HH000079HH000079HH000079 /* SplitCloudSync.swift */; };
		HH000090HH000090HH000090 /* NotionTypes.swift in Sources */ = {isa = PBXBuildFile; fileRef = HH000091HH000091HH000091 /* NotionTypes.swift */; };
		HH000092HH000092HH000092 /* NotionClient.swift in Sources */ = {isa = PBXBuildFile; fileRef = HH000093HH000093HH000093 /* NotionClient.swift */; };
		HH000094HH000094HH000094 /* NotionLlmBridge.swift in Sources */ = {isa = PBXBuildFile; fileRef = HH000095HH000095HH000095 /* NotionLlmBridge.swift */; };
		HH000096HH000096HH000096 /* NotionIntegration.swift in Sources */ = {isa = PBXBuildFile; fileRef = HH000097HH000097HH000097 /* NotionIntegration.swift */; };
		HH000098HH000098HH000098 /* SlackTypes.swift in Sources */ = {isa = PBXBuildFile; fileRef = HH000099HH000099HH000099 /* SlackTypes.swift */; };
		HH000100HH000100HH000100 /* SlackClient.swift in Sources */ = {isa = PBXBuildFile; fileRef = HH000101HH000101HH000101 /* SlackClient.swift */; };
		HH000102HH000102HH000102 /* SlackIntegration.swift in Sources */ = {isa = PBXBuildFile; fileRef = HH000103HH000103HH000103 /* SlackIntegration.swift */; };
		HH000104HH000104HH000104 /* NotionAuth.swift in Sources */ = {isa = PBXBuildFile; fileRef = HH000105HH000105HH000105 /* NotionAuth.swift */; };
		HH000106HH000106HH000106 /* SlackAuth.swift in Sources */ = {isa = PBXBuildFile; fileRef = HH000107HH000107HH000107 /* SlackAuth.swift */; };
		HH000108HH000108HH000108 /* NotionConnectViewController.swift in Sources */ = {isa = PBXBuildFile; fileRef = HH000109HH000109HH000109 /* NotionConnectViewController.swift */; };
		HH000110HH000110HH000110 /* SlackConnectViewController.swift in Sources */ = {isa = PBXBuildFile; fileRef = HH000111HH000111HH000111 /* SlackConnectViewController.swift */; };
		HH000112HH000112HH000112 /* NotionTypes.swift in Sources */ = {isa = PBXBuildFile; fileRef = HH000091HH000091HH000091 /* NotionTypes.swift */; };
		HH000113HH000113HH000113 /* SlackTypes.swift in Sources */ = {isa = PBXBuildFile; fileRef = HH000099HH000099HH000099 /* SlackTypes.swift */; };
		HH000114HH000114HH000114 /* NotionClient.swift in Sources */ = {isa = PBXBuildFile; fileRef = HH000093HH000093HH000093 /* NotionClient.swift */; };
		HH000115HH000115HH000115 /* SlackClient.swift in Sources */ = {isa = PBXBuildFile; fileRef = HH000101HH000101HH000101 /* SlackClient.swift */; };
		HH000120HH000120HH000120 /* KeyRows.swift in Sources */ = {isa = PBXBuildFile; fileRef = HH000121HH000121HH000121 /* KeyRows.swift */; };
		HH000122HH000122HH000122 /* KeyboardPalette.swift in Sources */ = {isa = PBXBuildFile; fileRef = HH000123HH000123HH000123 /* KeyboardPalette.swift */; };
		HH000124HH000124HH000124 /* SlashCommand.swift in Sources */ = {isa = PBXBuildFile; fileRef = HH000125HH000125HH000125 /* SlashCommand.swift */; };
		HH000130HH000130HH000130 /* QuickPanelView.swift in Sources */ = {isa = PBXBuildFile; fileRef = HH000131HH000131HH000131 /* QuickPanelView.swift */; };
		HH000140HH000140HH000140 /* PersonalizationKeys.swift in Sources */ = {isa = PBXBuildFile; fileRef = HH000141HH000141HH000141 /* PersonalizationKeys.swift */; };
		HH000142HH000142HH000142 /* PersonalizationViewController.swift in Sources */ = {isa = PBXBuildFile; fileRef = HH000143HH000143HH000143 /* PersonalizationViewController.swift */; };
		HH000144HH000144HH000144 /* PersonalizationKeys.swift in Sources */ = {isa = PBXBuildFile; fileRef = HH000141HH000141HH000141 /* PersonalizationKeys.swift */; };
		HH000150HH000150HH000150 /* Secrets.swift in Sources */ = {isa = PBXBuildFile; fileRef = HH000151HH000151HH000151 /* Secrets.swift */; };
		FF000001FF000001FF000001 /* TurtleKeyboardExtension.appex in Embed Foundation Extensions */ = {isa = PBXBuildFile; fileRef = EE000005EE000005EE000005 /* TurtleKeyboardExtension.appex */; settings = {ATTRIBUTES = (RemoveHeadersOnCopy, ); }; };
/* End PBXBuildFile section */

/* Begin PBXContainerItemProxy section */
		FF000002FF000002FF000002 /* PBXContainerItemProxy */ = {
			isa = PBXContainerItemProxy;
			containerPortal = AA000001AA000001AA000001 /* Project object */;
			proxyType = 1;
			remoteGlobalIDString = DD000001DD000001DD000001;
			remoteInfo = TurtleKeyboardExtension;
		};
/* End PBXContainerItemProxy section */

/* Begin PBXCopyFilesBuildPhase section */
		BB000008BB000008BB000008 /* Embed Foundation Extensions */ = {
			isa = PBXCopyFilesBuildPhase;
			buildActionMask = 2147483647;
			dstPath = "";
			dstSubfolderSpec = 13;
			files = (
				FF000001FF000001FF000001 /* TurtleKeyboardExtension.appex in Embed Foundation Extensions */,
			);
			name = "Embed Foundation Extensions";
			runOnlyForDeploymentPostprocessing = 0;
		};
/* End PBXCopyFilesBuildPhase section */

/* Begin PBXFileReference section */
		CC000002CC000002CC000002 /* AppDelegate.swift */ = {isa = PBXFileReference; lastKnownFileType = sourcecode.swift; path = AppDelegate.swift; sourceTree = "<group>"; };
		CC000004CC000004CC000004 /* ViewController.swift */ = {isa = PBXFileReference; lastKnownFileType = sourcecode.swift; path = ViewController.swift; sourceTree = "<group>"; };
		CC000006CC000006CC000006 /* Info.plist */ = {isa = PBXFileReference; lastKnownFileType = text.plist.xml; path = Info.plist; sourceTree = "<group>"; };
		CC000007CC000007CC000007 /* TurtleKeyboard.app */ = {isa = PBXFileReference; explicitFileType = wrapper.application; includeInIndex = 0; path = TurtleKeyboard.app; sourceTree = BUILT_PRODUCTS_DIR; };
		EE000002EE000002EE000002 /* KeyboardViewController.swift */ = {isa = PBXFileReference; lastKnownFileType = sourcecode.swift; path = KeyboardViewController.swift; sourceTree = "<group>"; };
		HH000001HH000001HH000001 /* APIClient.swift */ = {isa = PBXFileReference; lastKnownFileType = sourcecode.swift; path = APIClient.swift; sourceTree = "<group>"; };
		HH000003HH000003HH000003 /* Models.swift */ = {isa = PBXFileReference; lastKnownFileType = sourcecode.swift; path = Models.swift; sourceTree = "<group>"; };
		HH000006HH000006HH000006 /* AITypes.swift */ = {isa = PBXFileReference; lastKnownFileType = sourcecode.swift; path = AITypes.swift; sourceTree = "<group>"; };
		HH000007HH000007HH000007 /* KeyStore.swift */ = {isa = PBXFileReference; lastKnownFileType = sourcecode.swift; path = KeyStore.swift; sourceTree = "<group>"; };
		HH000008HH000008HH000008 /* ModelRegistry.swift */ = {isa = PBXFileReference; lastKnownFileType = sourcecode.swift; path = ModelRegistry.swift; sourceTree = "<group>"; };
		HH000009HH000009HH000009 /* CommandRouter.swift */ = {isa = PBXFileReference; lastKnownFileType = sourcecode.swift; path = CommandRouter.swift; sourceTree = "<group>"; };
		HH000010HH000010HH000010 /* FalProvider.swift */ = {isa = PBXFileReference; lastKnownFileType = sourcecode.swift; path = FalProvider.swift; sourceTree = "<group>"; };
		HH000011HH000011HH000011 /* AnthropicProvider.swift */ = {isa = PBXFileReference; lastKnownFileType = sourcecode.swift; path = AnthropicProvider.swift; sourceTree = "<group>"; };
		HH000012HH000012HH000012 /* GoogleProvider.swift */ = {isa = PBXFileReference; lastKnownFileType = sourcecode.swift; path = GoogleProvider.swift; sourceTree = "<group>"; };
		HH000013HH000013HH000013 /* OpenAIProvider.swift */ = {isa = PBXFileReference; lastKnownFileType = sourcecode.swift; path = OpenAIProvider.swift; sourceTree = "<group>"; };
		HH000022HH000022HH000022 /* LMStudioProvider.swift */ = {isa = PBXFileReference; lastKnownFileType = sourcecode.swift; path = LMStudioProvider.swift; sourceTree = "<group>"; };
		HH000024HH000024HH000024 /* PromptLoader.swift */ = {isa = PBXFileReference; lastKnownFileType = sourcecode.swift; path = PromptLoader.swift; sourceTree = "<group>"; };
		HH000026HH000026HH000026 /* HTMLImageRenderer.swift */ = {isa = PBXFileReference; lastKnownFileType = sourcecode.swift; path = HTMLImageRenderer.swift; sourceTree = "<group>"; };
		HH000028HH000028HH000028 /* org_template.html */ = {isa = PBXFileReference; lastKnownFileType = text.html; path = org_template.html; sourceTree = "<group>"; };
		HH000031HH000031HH000031 /* html-to-image.js */ = {isa = PBXFileReference; lastKnownFileType = sourcecode.javascript; path = "html-to-image.js"; sourceTree = "<group>"; };
		HH000033HH000033HH000033 /* OrgImageRenderer.swift */ = {isa = PBXFileReference; lastKnownFileType = sourcecode.swift; path = OrgImageRenderer.swift; sourceTree = "<group>"; };
		HH000035HH000035HH000035 /* VoiceInputController.swift */ = {isa = PBXFileReference; lastKnownFileType = sourcecode.swift; path = VoiceInputController.swift; sourceTree = "<group>"; };
		HH000041HH000041HH000041 /* IntegrationKit.swift */ = {isa = PBXFileReference; lastKnownFileType = sourcecode.swift; path = IntegrationKit.swift; sourceTree = "<group>"; };
		HH000043HH000043HH000043 /* IntegrationRegistry.swift */ = {isa = PBXFileReference; lastKnownFileType = sourcecode.swift; path = IntegrationRegistry.swift; sourceTree = "<group>"; };
		HH000045HH000045HH000045 /* SplitTypes.swift */ = {isa = PBXFileReference; lastKnownFileType = sourcecode.swift; path = SplitTypes.swift; sourceTree = "<group>"; };
		HH000047HH000047HH000047 /* SplitIntegration.swift */ = {isa = PBXFileReference; lastKnownFileType = sourcecode.swift; path = SplitIntegration.swift; sourceTree = "<group>"; };
		HH000049HH000049HH000049 /* SplitPanelView.swift */ = {isa = PBXFileReference; lastKnownFileType = sourcecode.swift; path = SplitPanelView.swift; sourceTree = "<group>"; };
		HH000051HH000051HH000051 /* SplitHistoryView.swift */ = {isa = PBXFileReference; lastKnownFileType = sourcecode.swift; path = SplitHistoryView.swift; sourceTree = "<group>"; };
		HH000061HH000061HH000061 /* SplitDetailViewController.swift */ = {isa = PBXFileReference; lastKnownFileType = sourcecode.swift; path = SplitDetailViewController.swift; sourceTree = "<group>"; };
		HH000071HH000071HH000071 /* SplitKeychain.swift */ = {isa = PBXFileReference; lastKnownFileType = sourcecode.swift; path = SplitKeychain.swift; sourceTree = "<group>"; };
		HH000073HH000073HH000073 /* SplitOAuth.swift */ = {isa = PBXFileReference; lastKnownFileType = sourcecode.swift; path = SplitOAuth.swift; sourceTree = "<group>"; };
		HH000075HH000075HH000075 /* SplitSheetsClient.swift */ = {isa = PBXFileReference; lastKnownFileType = sourcecode.swift; path = SplitSheetsClient.swift; sourceTree = "<group>"; };
		HH000077HH000077HH000077 /* SplitDriveClient.swift */ = {isa = PBXFileReference; lastKnownFileType = sourcecode.swift; path = SplitDriveClient.swift; sourceTree = "<group>"; };
		HH000079HH000079HH000079 /* SplitCloudSync.swift */ = {isa = PBXFileReference; lastKnownFileType = sourcecode.swift; path = SplitCloudSync.swift; sourceTree = "<group>"; };
		HH000091HH000091HH000091 /* NotionTypes.swift */ = {isa = PBXFileReference; lastKnownFileType = sourcecode.swift; path = NotionTypes.swift; sourceTree = "<group>"; };
		HH000093HH000093HH000093 /* NotionClient.swift */ = {isa = PBXFileReference; lastKnownFileType = sourcecode.swift; path = NotionClient.swift; sourceTree = "<group>"; };
		HH000095HH000095HH000095 /* NotionLlmBridge.swift */ = {isa = PBXFileReference; lastKnownFileType = sourcecode.swift; path = NotionLlmBridge.swift; sourceTree = "<group>"; };
		HH000097HH000097HH000097 /* NotionIntegration.swift */ = {isa = PBXFileReference; lastKnownFileType = sourcecode.swift; path = NotionIntegration.swift; sourceTree = "<group>"; };
		HH000099HH000099HH000099 /* SlackTypes.swift */ = {isa = PBXFileReference; lastKnownFileType = sourcecode.swift; path = SlackTypes.swift; sourceTree = "<group>"; };
		HH000101HH000101HH000101 /* SlackClient.swift */ = {isa = PBXFileReference; lastKnownFileType = sourcecode.swift; path = SlackClient.swift; sourceTree = "<group>"; };
		HH000103HH000103HH000103 /* SlackIntegration.swift */ = {isa = PBXFileReference; lastKnownFileType = sourcecode.swift; path = SlackIntegration.swift; sourceTree = "<group>"; };
		HH000105HH000105HH000105 /* NotionAuth.swift */ = {isa = PBXFileReference; lastKnownFileType = sourcecode.swift; path = NotionAuth.swift; sourceTree = "<group>"; };
		HH000107HH000107HH000107 /* SlackAuth.swift */ = {isa = PBXFileReference; lastKnownFileType = sourcecode.swift; path = SlackAuth.swift; sourceTree = "<group>"; };
		HH000109HH000109HH000109 /* NotionConnectViewController.swift */ = {isa = PBXFileReference; lastKnownFileType = sourcecode.swift; path = NotionConnectViewController.swift; sourceTree = "<group>"; };
		HH000111HH000111HH000111 /* SlackConnectViewController.swift */ = {isa = PBXFileReference; lastKnownFileType = sourcecode.swift; path = SlackConnectViewController.swift; sourceTree = "<group>"; };
		HH000121HH000121HH000121 /* KeyRows.swift */ = {isa = PBXFileReference; lastKnownFileType = sourcecode.swift; path = KeyRows.swift; sourceTree = "<group>"; };
		HH000123HH000123HH000123 /* KeyboardPalette.swift */ = {isa = PBXFileReference; lastKnownFileType = sourcecode.swift; path = KeyboardPalette.swift; sourceTree = "<group>"; };
		HH000125HH000125HH000125 /* SlashCommand.swift */ = {isa = PBXFileReference; lastKnownFileType = sourcecode.swift; path = SlashCommand.swift; sourceTree = "<group>"; };
		HH000131HH000131HH000131 /* QuickPanelView.swift */ = {isa = PBXFileReference; lastKnownFileType = sourcecode.swift; path = QuickPanelView.swift; sourceTree = "<group>"; };
		HH000141HH000141HH000141 /* PersonalizationKeys.swift */ = {isa = PBXFileReference; lastKnownFileType = sourcecode.swift; path = PersonalizationKeys.swift; sourceTree = "<group>"; };
		HH000143HH000143HH000143 /* PersonalizationViewController.swift */ = {isa = PBXFileReference; lastKnownFileType = sourcecode.swift; path = PersonalizationViewController.swift; sourceTree = "<group>"; };
		HH000151HH000151HH000151 /* Secrets.swift */ = {isa = PBXFileReference; lastKnownFileType = sourcecode.swift; name = "Secrets.swift"; path = "../Generated/Secrets.swift"; sourceTree = "<group>"; };
		EE000004EE000004EE000004 /* Info.plist */ = {isa = PBXFileReference; lastKnownFileType = text.plist.xml; path = Info.plist; sourceTree = "<group>"; };
		EE000005EE000005EE000005 /* TurtleKeyboardExtension.appex */ = {isa = PBXFileReference; explicitFileType = "wrapper.app-extension"; includeInIndex = 0; path = TurtleKeyboardExtension.appex; sourceTree = BUILT_PRODUCTS_DIR; };
/* End PBXFileReference section */

/* Begin PBXFrameworksBuildPhase section */
		BB000007BB000007BB000007 /* Frameworks */ = {
			isa = PBXFrameworksBuildPhase;
			buildActionMask = 2147483647;
			files = (
			);
			runOnlyForDeploymentPostprocessing = 0;
		};
		DD000007DD000007DD000007 /* Frameworks */ = {
			isa = PBXFrameworksBuildPhase;
			buildActionMask = 2147483647;
			files = (
			);
			runOnlyForDeploymentPostprocessing = 0;
		};
/* End PBXFrameworksBuildPhase section */

/* Begin PBXGroup section */
		AA000002AA000002AA000002 = {
			isa = PBXGroup;
			children = (
				CC000001CC000001CC000001 /* TurtleKeyboard */,
				EE000001EE000001EE000001 /* TurtleKeyboardExtension */,
				AA000003AA000003AA000003 /* Products */,
			);
			sourceTree = "<group>";
		};
		AA000003AA000003AA000003 /* Products */ = {
			isa = PBXGroup;
			children = (
				CC000007CC000007CC000007 /* TurtleKeyboard.app */,
				EE000005EE000005EE000005 /* TurtleKeyboardExtension.appex */,
			);
			name = Products;
			sourceTree = "<group>";
		};
		CC000001CC000001CC000001 /* TurtleKeyboard */ = {
			isa = PBXGroup;
			children = (
				CC000002CC000002CC000002 /* AppDelegate.swift */,
				CC000004CC000004CC000004 /* ViewController.swift */,
				HH000061HH000061HH000061 /* SplitDetailViewController.swift */,
				HH000109HH000109HH000109 /* NotionConnectViewController.swift */,
				HH000111HH000111HH000111 /* SlackConnectViewController.swift */,
				HH000143HH000143HH000143 /* PersonalizationViewController.swift */,
				HH000151HH000151HH000151 /* Secrets.swift */,
				HH000080HH000080HH000080 /* Cloud */,
				CC000006CC000006CC000006 /* Info.plist */,
			);
			path = TurtleKeyboard;
			sourceTree = "<group>";
		};
		HH000080HH000080HH000080 /* Cloud */ = {
			isa = PBXGroup;
			children = (
				HH000071HH000071HH000071 /* SplitKeychain.swift */,
				HH000073HH000073HH000073 /* SplitOAuth.swift */,
				HH000075HH000075HH000075 /* SplitSheetsClient.swift */,
				HH000077HH000077HH000077 /* SplitDriveClient.swift */,
				HH000079HH000079HH000079 /* SplitCloudSync.swift */,
				HH000105HH000105HH000105 /* NotionAuth.swift */,
				HH000107HH000107HH000107 /* SlackAuth.swift */,
			);
			path = Cloud;
			sourceTree = "<group>";
		};
		HH000005HH000005HH000005 /* AI */ = {
			isa = PBXGroup;
			children = (
				HH000006HH000006HH000006 /* AITypes.swift */,
				HH000007HH000007HH000007 /* KeyStore.swift */,
				HH000008HH000008HH000008 /* ModelRegistry.swift */,
				HH000009HH000009HH000009 /* CommandRouter.swift */,
				HH000010HH000010HH000010 /* FalProvider.swift */,
				HH000011HH000011HH000011 /* AnthropicProvider.swift */,
				HH000012HH000012HH000012 /* GoogleProvider.swift */,
				HH000013HH000013HH000013 /* OpenAIProvider.swift */,
				HH000022HH000022HH000022 /* LMStudioProvider.swift */,
				HH000024HH000024HH000024 /* PromptLoader.swift */,
				HH000026HH000026HH000026 /* HTMLImageRenderer.swift */,
				HH000028HH000028HH000028 /* org_template.html */,
				HH000031HH000031HH000031 /* html-to-image.js */,
				HH000033HH000033HH000033 /* OrgImageRenderer.swift */,
			);
			path = AI;
			sourceTree = "<group>";
		};
		EE000001EE000001EE000001 /* TurtleKeyboardExtension */ = {
			isa = PBXGroup;
			children = (
				EE000002EE000002EE000002 /* KeyboardViewController.swift */,
				HH000001HH000001HH000001 /* APIClient.swift */,
				HH000003HH000003HH000003 /* Models.swift */,
				HH000005HH000005HH000005 /* AI */,
				HH000037HH000037HH000037 /* Voice */,
				HH000038HH000038HH000038 /* Integration */,
				HH000126HH000126HH000126 /* Keyboard */,
				HH000127HH000127HH000127 /* Command */,
				EE000004EE000004EE000004 /* Info.plist */,
			);
			path = TurtleKeyboardExtension;
			sourceTree = "<group>";
		};
		HH000126HH000126HH000126 /* Keyboard */ = {
			isa = PBXGroup;
			children = (
				HH000121HH000121HH000121 /* KeyRows.swift */,
				HH000123HH000123HH000123 /* KeyboardPalette.swift */,
				HH000131HH000131HH000131 /* QuickPanelView.swift */,
			);
			path = Keyboard;
			sourceTree = "<group>";
		};
		HH000127HH000127HH000127 /* Command */ = {
			isa = PBXGroup;
			children = (
				HH000125HH000125HH000125 /* SlashCommand.swift */,
			);
			path = Command;
			sourceTree = "<group>";
		};
		HH000037HH000037HH000037 /* Voice */ = {
			isa = PBXGroup;
			children = (
				HH000035HH000035HH000035 /* VoiceInputController.swift */,
			);
			path = Voice;
			sourceTree = "<group>";
		};
		HH000038HH000038HH000038 /* Integration */ = {
			isa = PBXGroup;
			children = (
				HH000041HH000041HH000041 /* IntegrationKit.swift */,
				HH000043HH000043HH000043 /* IntegrationRegistry.swift */,
				HH000141HH000141HH000141 /* PersonalizationKeys.swift */,
				HH000039HH000039HH000039 /* Split */,
				HH000116HH000116HH000116 /* Notion */,
				HH000117HH000117HH000117 /* Slack */,
			);
			path = Integration;
			sourceTree = "<group>";
		};
		HH000039HH000039HH000039 /* Split */ = {
			isa = PBXGroup;
			children = (
				HH000045HH000045HH000045 /* SplitTypes.swift */,
				HH000047HH000047HH000047 /* SplitIntegration.swift */,
				HH000049HH000049HH000049 /* SplitPanelView.swift */,
				HH000051HH000051HH000051 /* SplitHistoryView.swift */,
			);
			path = Split;
			sourceTree = "<group>";
		};
		HH000116HH000116HH000116 /* Notion */ = {
			isa = PBXGroup;
			children = (
				HH000091HH000091HH000091 /* NotionTypes.swift */,
				HH000093HH000093HH000093 /* NotionClient.swift */,
				HH000095HH000095HH000095 /* NotionLlmBridge.swift */,
				HH000097HH000097HH000097 /* NotionIntegration.swift */,
			);
			path = Notion;
			sourceTree = "<group>";
		};
		HH000117HH000117HH000117 /* Slack */ = {
			isa = PBXGroup;
			children = (
				HH000099HH000099HH000099 /* SlackTypes.swift */,
				HH000101HH000101HH000101 /* SlackClient.swift */,
				HH000103HH000103HH000103 /* SlackIntegration.swift */,
			);
			path = Slack;
			sourceTree = "<group>";
		};
/* End PBXGroup section */

/* Begin PBXNativeTarget section */
		BB000001BB000001BB000001 /* TurtleKeyboard */ = {
			isa = PBXNativeTarget;
			buildConfigurationList = BB000002BB000002BB000002 /* Build configuration list for PBXNativeTarget "TurtleKeyboard" */;
			buildPhases = (
				BB000005BB000005BB000005 /* Sources */,
				BB000007BB000007BB000007 /* Frameworks */,
				BB000006BB000006BB000006 /* Resources */,
				BB000008BB000008BB000008 /* Embed Foundation Extensions */,
			);
			buildRules = (
			);
			dependencies = (
				FF000003FF000003FF000003 /* PBXTargetDependency */,
			);
			name = TurtleKeyboard;
			productName = TurtleKeyboard;
			productReference = CC000007CC000007CC000007 /* TurtleKeyboard.app */;
			productType = "com.apple.product-type.application";
		};
		DD000001DD000001DD000001 /* TurtleKeyboardExtension */ = {
			isa = PBXNativeTarget;
			buildConfigurationList = DD000002DD000002DD000002 /* Build configuration list for PBXNativeTarget "TurtleKeyboardExtension" */;
			buildPhases = (
				DD000005DD000005DD000005 /* Sources */,
				DD000007DD000007DD000007 /* Frameworks */,
				DD000006DD000006DD000006 /* Resources */,
				HH000030HH000030HH000030 /* Copy shared command prompts */,
			);
			buildRules = (
			);
			dependencies = (
			);
			name = TurtleKeyboardExtension;
			productName = TurtleKeyboardExtension;
			productReference = EE000005EE000005EE000005 /* TurtleKeyboardExtension.appex */;
			productType = "com.apple.product-type.app-extension";
		};
/* End PBXNativeTarget section */

/* Begin PBXProject section */
		AA000001AA000001AA000001 /* Project object */ = {
			isa = PBXProject;
			attributes = {
				BuildIndependentTargetsInParallel = 1;
				LastSwiftUpdateCheck = 1500;
				LastUpgradeCheck = 1500;
				TargetAttributes = {
					BB000001BB000001BB000001 = {
						CreatedOnToolsVersion = 15.0;
					};
					DD000001DD000001DD000001 = {
						CreatedOnToolsVersion = 15.0;
					};
				};
			};
			buildConfigurationList = GG000001GG000001GG000001 /* Build configuration list for PBXProject "TurtleKeyboard" */;
			compatibilityVersion = "Xcode 14.0";
			developmentRegion = en;
			hasScannedForEncodings = 0;
			knownRegions = (
				en,
				Base,
			);
			mainGroup = AA000002AA000002AA000002;
			productRefGroup = AA000003AA000003AA000003 /* Products */;
			projectDirPath = "";
			projectRoot = "";
			targets = (
				BB000001BB000001BB000001 /* TurtleKeyboard */,
				DD000001DD000001DD000001 /* TurtleKeyboardExtension */,
			);
		};
/* End PBXProject section */

/* Begin PBXResourcesBuildPhase section */
		BB000006BB000006BB000006 /* Resources */ = {
			isa = PBXResourcesBuildPhase;
			buildActionMask = 2147483647;
			files = (
			);
			runOnlyForDeploymentPostprocessing = 0;
		};
		DD000006DD000006DD000006 /* Resources */ = {
			isa = PBXResourcesBuildPhase;
			buildActionMask = 2147483647;
			files = (
				HH000029HH000029HH000029 /* org_template.html in Resources */,
				HH000032HH000032HH000032 /* html-to-image.js in Resources */,
			);
			runOnlyForDeploymentPostprocessing = 0;
		};
/* End PBXResourcesBuildPhase section */

/* Begin PBXShellScriptBuildPhase section */
		HH000030HH000030HH000030 /* Copy shared command prompts */ = {
			isa = PBXShellScriptBuildPhase;
			buildActionMask = 2147483647;
			files = (
			);
			inputPaths = (
				"$(SRCROOT)/../commands/prompts/ask.txt",
				"$(SRCROOT)/../commands/prompts/org.txt",
			);
			name = "Copy shared command prompts";
			outputPaths = (
				"$(BUILT_PRODUCTS_DIR)/$(UNLOCALIZED_RESOURCES_FOLDER_PATH)/ask.txt",
				"$(BUILT_PRODUCTS_DIR)/$(UNLOCALIZED_RESOURCES_FOLDER_PATH)/org.txt",
			);
			runOnlyForDeploymentPostprocessing = 0;
			shellPath = /bin/sh;
			shellScript = "set -e\nSRC=\"${SRCROOT}/../commands/prompts\"\nDEST=\"${BUILT_PRODUCTS_DIR}/${UNLOCALIZED_RESOURCES_FOLDER_PATH}\"\nmkdir -p \"$DEST\"\nfor f in \"$SRC\"/*.txt; do\n  [ -e \"$f\" ] || continue\n  cp \"$f\" \"$DEST/\"\ndone\n";
		};
/* End PBXShellScriptBuildPhase section */

/* Begin PBXSourcesBuildPhase section */
		BB000005BB000005BB000005 /* Sources */ = {
			isa = PBXSourcesBuildPhase;
			buildActionMask = 2147483647;
			files = (
				CC000003CC000003CC000003 /* AppDelegate.swift in Sources */,
				CC000005CC000005CC000005 /* ViewController.swift in Sources */,
				HH000060HH000060HH000060 /* SplitDetailViewController.swift in Sources */,
				HH000062HH000062HH000062 /* SplitTypes.swift in Sources */,
				HH000063HH000063HH000063 /* SplitPanelView.swift in Sources */,
				HH000070HH000070HH000070 /* SplitKeychain.swift in Sources */,
				HH000072HH000072HH000072 /* SplitOAuth.swift in Sources */,
				HH000074HH000074HH000074 /* SplitSheetsClient.swift in Sources */,
				HH000076HH000076HH000076 /* SplitDriveClient.swift in Sources */,
				HH000078HH000078HH000078 /* SplitCloudSync.swift in Sources */,
				HH000104HH000104HH000104 /* NotionAuth.swift in Sources */,
				HH000106HH000106HH000106 /* SlackAuth.swift in Sources */,
				HH000108HH000108HH000108 /* NotionConnectViewController.swift in Sources */,
				HH000110HH000110HH000110 /* SlackConnectViewController.swift in Sources */,
				HH000112HH000112HH000112 /* NotionTypes.swift in Sources */,
				HH000113HH000113HH000113 /* SlackTypes.swift in Sources */,
				HH000114HH000114HH000114 /* NotionClient.swift in Sources */,
				HH000115HH000115HH000115 /* SlackClient.swift in Sources */,
				HH000142HH000142HH000142 /* PersonalizationViewController.swift in Sources */,
				HH000144HH000144HH000144 /* PersonalizationKeys.swift in Sources */,
				HH000150HH000150HH000150 /* Secrets.swift in Sources */,
			);
			runOnlyForDeploymentPostprocessing = 0;
		};
		DD000005DD000005DD000005 /* Sources */ = {
			isa = PBXSourcesBuildPhase;
			buildActionMask = 2147483647;
			files = (
				EE000003EE000003EE000003 /* KeyboardViewController.swift in Sources */,
				HH000002HH000002HH000002 /* APIClient.swift in Sources */,
				HH000004HH000004HH000004 /* Models.swift in Sources */,
				HH000014HH000014HH000014 /* AITypes.swift in Sources */,
				HH000015HH000015HH000015 /* KeyStore.swift in Sources */,
				HH000016HH000016HH000016 /* ModelRegistry.swift in Sources */,
				HH000017HH000017HH000017 /* CommandRouter.swift in Sources */,
				HH000018HH000018HH000018 /* FalProvider.swift in Sources */,
				HH000019HH000019HH000019 /* AnthropicProvider.swift in Sources */,
				HH000020HH000020HH000020 /* GoogleProvider.swift in Sources */,
				HH000021HH000021HH000021 /* OpenAIProvider.swift in Sources */,
				HH000023HH000023HH000023 /* LMStudioProvider.swift in Sources */,
				HH000025HH000025HH000025 /* PromptLoader.swift in Sources */,
				HH000027HH000027HH000027 /* HTMLImageRenderer.swift in Sources */,
				HH000034HH000034HH000034 /* OrgImageRenderer.swift in Sources */,
				HH000036HH000036HH000036 /* VoiceInputController.swift in Sources */,
				HH000040HH000040HH000040 /* IntegrationKit.swift in Sources */,
				HH000042HH000042HH000042 /* IntegrationRegistry.swift in Sources */,
				HH000044HH000044HH000044 /* SplitTypes.swift in Sources */,
				HH000046HH000046HH000046 /* SplitIntegration.swift in Sources */,
				HH000048HH000048HH000048 /* SplitPanelView.swift in Sources */,
				HH000050HH000050HH000050 /* SplitHistoryView.swift in Sources */,
				HH000090HH000090HH000090 /* NotionTypes.swift in Sources */,
				HH000092HH000092HH000092 /* NotionClient.swift in Sources */,
				HH000094HH000094HH000094 /* NotionLlmBridge.swift in Sources */,
				HH000096HH000096HH000096 /* NotionIntegration.swift in Sources */,
				HH000098HH000098HH000098 /* SlackTypes.swift in Sources */,
				HH000100HH000100HH000100 /* SlackClient.swift in Sources */,
				HH000102HH000102HH000102 /* SlackIntegration.swift in Sources */,
				HH000120HH000120HH000120 /* KeyRows.swift in Sources */,
				HH000122HH000122HH000122 /* KeyboardPalette.swift in Sources */,
				HH000124HH000124HH000124 /* SlashCommand.swift in Sources */,
				HH000130HH000130HH000130 /* QuickPanelView.swift in Sources */,
				HH000140HH000140HH000140 /* PersonalizationKeys.swift in Sources */,
			);
			runOnlyForDeploymentPostprocessing = 0;
		};
/* End PBXSourcesBuildPhase section */

/* Begin PBXTargetDependency section */
		FF000003FF000003FF000003 /* PBXTargetDependency */ = {
			isa = PBXTargetDependency;
			target = DD000001DD000001DD000001 /* TurtleKeyboardExtension */;
			targetProxy = FF000002FF000002FF000002 /* PBXContainerItemProxy */;
		};
/* End PBXTargetDependency section */

/* Begin XCBuildConfiguration section */
		BB000003BB000003BB000003 /* Debug */ = {
			isa = XCBuildConfiguration;
			buildSettings = {
				CURRENT_PROJECT_VERSION = 1;
				DEVELOPMENT_TEAM = AHV2R8U5DW;
				GENERATE_INFOPLIST_FILE = NO;
				INFOPLIST_FILE = TurtleKeyboard/Info.plist;
				IPHONEOS_DEPLOYMENT_TARGET = 15.0;
				LD_RUNPATH_SEARCH_PATHS = (
					"$(inherited)",
					"@executable_path/Frameworks",
				);
				MARKETING_VERSION = 1.0;
				PRODUCT_BUNDLE_IDENTIFIER = com.turtlekeyboard;
				PRODUCT_NAME = "$(TARGET_NAME)";
				SWIFT_EMIT_LOC_STRINGS = YES;
				SWIFT_VERSION = 5.0;
				TARGETED_DEVICE_FAMILY = 1;
			};
			name = Debug;
		};
		BB000004BB000004BB000004 /* Release */ = {
			isa = XCBuildConfiguration;
			buildSettings = {
				CURRENT_PROJECT_VERSION = 1;
				DEVELOPMENT_TEAM = AHV2R8U5DW;
				GENERATE_INFOPLIST_FILE = NO;
				INFOPLIST_FILE = TurtleKeyboard/Info.plist;
				IPHONEOS_DEPLOYMENT_TARGET = 15.0;
				LD_RUNPATH_SEARCH_PATHS = (
					"$(inherited)",
					"@executable_path/Frameworks",
				);
				MARKETING_VERSION = 1.0;
				PRODUCT_BUNDLE_IDENTIFIER = com.turtlekeyboard;
				PRODUCT_NAME = "$(TARGET_NAME)";
				SWIFT_EMIT_LOC_STRINGS = YES;
				SWIFT_VERSION = 5.0;
				TARGETED_DEVICE_FAMILY = 1;
			};
			name = Release;
		};
		DD000003DD000003DD000003 /* Debug */ = {
			isa = XCBuildConfiguration;
			buildSettings = {
				CURRENT_PROJECT_VERSION = 1;
				DEVELOPMENT_TEAM = AHV2R8U5DW;
				GENERATE_INFOPLIST_FILE = NO;
				INFOPLIST_FILE = TurtleKeyboardExtension/Info.plist;
				IPHONEOS_DEPLOYMENT_TARGET = 15.0;
				LD_RUNPATH_SEARCH_PATHS = (
					"$(inherited)",
					"@executable_path/Frameworks",
					"@executable_path/../../Frameworks",
				);
				MARKETING_VERSION = 1.0;
				PRODUCT_BUNDLE_IDENTIFIER = com.turtlekeyboard.keyboard;
				PRODUCT_NAME = "$(TARGET_NAME)";
				SKIP_INSTALL = YES;
				SWIFT_EMIT_LOC_STRINGS = YES;
				SWIFT_VERSION = 5.0;
				TARGETED_DEVICE_FAMILY = 1;
			};
			name = Debug;
		};
		DD000004DD000004DD000004 /* Release */ = {
			isa = XCBuildConfiguration;
			buildSettings = {
				CURRENT_PROJECT_VERSION = 1;
				DEVELOPMENT_TEAM = AHV2R8U5DW;
				GENERATE_INFOPLIST_FILE = NO;
				INFOPLIST_FILE = TurtleKeyboardExtension/Info.plist;
				IPHONEOS_DEPLOYMENT_TARGET = 15.0;
				LD_RUNPATH_SEARCH_PATHS = (
					"$(inherited)",
					"@executable_path/Frameworks",
					"@executable_path/../../Frameworks",
				);
				MARKETING_VERSION = 1.0;
				PRODUCT_BUNDLE_IDENTIFIER = com.turtlekeyboard.keyboard;
				PRODUCT_NAME = "$(TARGET_NAME)";
				SKIP_INSTALL = YES;
				SWIFT_EMIT_LOC_STRINGS = YES;
				SWIFT_VERSION = 5.0;
				TARGETED_DEVICE_FAMILY = 1;
			};
			name = Release;
		};
		GG000002GG000002GG000002 /* Debug */ = {
			isa = XCBuildConfiguration;
			buildSettings = {
				ALWAYS_SEARCH_USER_PATHS = NO;
				CLANG_CXX_LANGUAGE_STANDARD = "gnu++20";
				CLANG_ENABLE_MODULES = YES;
				CLANG_ENABLE_OBJC_ARC = YES;
				CLANG_ENABLE_OBJC_WEAK = YES;
				CLANG_WARN_BLOCK_CAPTURE_AUTORELEASING = YES;
				CLANG_WARN_BOOL_CONVERSION = YES;
				CLANG_WARN_COMMA = YES;
				CLANG_WARN_CONSTANT_CONVERSION = YES;
				CLANG_WARN_DEPRECATED_OBJC_IMPLEMENTATIONS = YES;
				CLANG_WARN_DIRECT_OBJC_ISA_USAGE = YES_ERROR;
				CLANG_WARN_EMPTY_BODY = YES;
				CLANG_WARN_ENUM_CONVERSION = YES;
				CLANG_WARN_INT_CONVERSION = YES;
				CLANG_WARN_NON_LITERAL_NULL_CONVERSION = YES;
				CLANG_WARN_OBJC_IMPLICIT_RETAIN_CYCLES = YES;
				CLANG_WARN_OBJC_LITERAL_CONVERSION = YES;
				CLANG_WARN_OBJC_ROOT_CLASS = YES_ERROR;
				CLANG_WARN_RANGE_LOOP_ANALYSIS = YES;
				CLANG_WARN_STRICT_PROTOTYPES = YES;
				CLANG_WARN_SUSPICIOUS_MOVE = YES;
				CLANG_WARN_UNGUARDED_AVAILABILITY = YES_AGGRESSIVE;
				CLANG_WARN_UNREACHABLE_CODE = YES;
				CLANG_WARN__DUPLICATE_METHOD_MATCH = YES;
				COPY_PHASE_STRIP = NO;
				DEBUG_INFORMATION_FORMAT = dwarf;
				ENABLE_STRICT_OBJC_MSGSEND = YES;
				ENABLE_TESTABILITY = YES;
				GCC_C_LANGUAGE_STANDARD = gnu17;
				GCC_DYNAMIC_NO_PIC = NO;
				GCC_NO_COMMON_BLOCKS = YES;
				GCC_OPTIMIZATION_LEVEL = 0;
				GCC_PREPROCESSOR_DEFINITIONS = (
					"DEBUG=1",
					"$(inherited)",
				);
				GCC_WARN_64_TO_32_BIT_CONVERSION = YES;
				GCC_WARN_ABOUT_RETURN_TYPE = YES_ERROR;
				GCC_WARN_UNDECLARED_SELECTOR = YES;
				GCC_WARN_UNINITIALIZED_AUTOS = YES_AGGRESSIVE;
				GCC_WARN_UNUSED_FUNCTION = YES;
				GCC_WARN_UNUSED_VARIABLE = YES;
				IPHONEOS_DEPLOYMENT_TARGET = 15.0;
				MTL_ENABLE_DEBUG_INFO = INCLUDE_SOURCE;
				MTL_FAST_MATH = YES;
				ONLY_ACTIVE_ARCH = YES;
				SDKROOT = iphoneos;
				SWIFT_ACTIVE_COMPILATION_CONDITIONS = DEBUG;
				SWIFT_OPTIMIZATION_LEVEL = "-Onone";
			};
			name = Debug;
		};
		GG000003GG000003GG000003 /* Release */ = {
			isa = XCBuildConfiguration;
			buildSettings = {
				ALWAYS_SEARCH_USER_PATHS = NO;
				CLANG_CXX_LANGUAGE_STANDARD = "gnu++20";
				CLANG_ENABLE_MODULES = YES;
				CLANG_ENABLE_OBJC_ARC = YES;
				CLANG_ENABLE_OBJC_WEAK = YES;
				CLANG_WARN_BLOCK_CAPTURE_AUTORELEASING = YES;
				CLANG_WARN_BOOL_CONVERSION = YES;
				CLANG_WARN_COMMA = YES;
				CLANG_WARN_CONSTANT_CONVERSION = YES;
				CLANG_WARN_DEPRECATED_OBJC_IMPLEMENTATIONS = YES;
				CLANG_WARN_DIRECT_OBJC_ISA_USAGE = YES_ERROR;
				CLANG_WARN_EMPTY_BODY = YES;
				CLANG_WARN_ENUM_CONVERSION = YES;
				CLANG_WARN_INT_CONVERSION = YES;
				CLANG_WARN_NON_LITERAL_NULL_CONVERSION = YES;
				CLANG_WARN_OBJC_IMPLICIT_RETAIN_CYCLES = YES;
				CLANG_WARN_OBJC_LITERAL_CONVERSION = YES;
				CLANG_WARN_OBJC_ROOT_CLASS = YES_ERROR;
				CLANG_WARN_RANGE_LOOP_ANALYSIS = YES;
				CLANG_WARN_STRICT_PROTOTYPES = YES;
				CLANG_WARN_SUSPICIOUS_MOVE = YES;
				CLANG_WARN_UNGUARDED_AVAILABILITY = YES_AGGRESSIVE;
				CLANG_WARN_UNREACHABLE_CODE = YES;
				CLANG_WARN__DUPLICATE_METHOD_MATCH = YES;
				COPY_PHASE_STRIP = NO;
				DEBUG_INFORMATION_FORMAT = "dwarf-with-dsym";
				ENABLE_NS_ASSERTIONS = NO;
				ENABLE_STRICT_OBJC_MSGSEND = YES;
				GCC_C_LANGUAGE_STANDARD = gnu17;
				GCC_NO_COMMON_BLOCKS = YES;
				GCC_WARN_64_TO_32_BIT_CONVERSION = YES;
				GCC_WARN_ABOUT_RETURN_TYPE = YES_ERROR;
				GCC_WARN_UNDECLARED_SELECTOR = YES;
				GCC_WARN_UNINITIALIZED_AUTOS = YES_AGGRESSIVE;
				GCC_WARN_UNUSED_FUNCTION = YES;
				GCC_WARN_UNUSED_VARIABLE = YES;
				IPHONEOS_DEPLOYMENT_TARGET = 15.0;
				MTL_FAST_MATH = YES;
				SDKROOT = iphoneos;
				SWIFT_COMPILATION_MODE = wholemodule;
				SWIFT_OPTIMIZATION_LEVEL = "-O";
				VALIDATE_PRODUCT = YES;
			};
			name = Release;
		};
/* End XCBuildConfiguration section */

/* Begin XCConfigurationList section */
		BB000002BB000002BB000002 /* Build configuration list for PBXNativeTarget "TurtleKeyboard" */ = {
			isa = XCConfigurationList;
			buildConfigurations = (
				BB000003BB000003BB000003 /* Debug */,
				BB000004BB000004BB000004 /* Release */,
			);
			defaultConfigurationIsVisible = 0;
			defaultConfigurationName = Release;
		};
		DD000002DD000002DD000002 /* Build configuration list for PBXNativeTarget "TurtleKeyboardExtension" */ = {
			isa = XCConfigurationList;
			buildConfigurations = (
				DD000003DD000003DD000003 /* Debug */,
				DD000004DD000004DD000004 /* Release */,
			);
			defaultConfigurationIsVisible = 0;
			defaultConfigurationName = Release;
		};
		GG000001GG000001GG000001 /* Build configuration list for PBXProject "TurtleKeyboard" */ = {
			isa = XCConfigurationList;
			buildConfigurations = (
				GG000002GG000002GG000002 /* Debug */,
				GG000003GG000003GG000003 /* Release */,
			);
			defaultConfigurationIsVisible = 0;
			defaultConfigurationName = Release;
		};
/* End XCConfigurationList section */
	};
	rootObject = AA000001AA000001AA000001 /* Project object */;
}
