// !$*UTF8*$!
{
	archiveVersion = 1;
	classes = {
	};
	objectVersion = 56;
	objects = {

/* Begin PBXBuildFile section */
		CC000003CC000003CC000003 /* AppDelegate.swift in Sources */ = {isa = PBXBuildFile; fileRef = CC000002CC000002CC000002 /* AppDelegate.swift */; };
		CC000005CC000005CC000005 /* ViewController.swift in Sources */ = {isa = PBXBuildFile; fileRef = CC000004CC000004CC000004 /* ViewController.swift */; };
		EE000003EE000003EE000003 /* KeyboardViewController.swift in Sources */ = {isa = PBXBuildFile; fileRef = EE000002EE000002EE000002 /* KeyboardViewController.swift */; };
		HH000004HH000004HH000004 /* Models.swift in Sources */ = {isa = PBXBuildFile; fileRef = HH000003HH000003HH000003 /* Models.swift */; };
		HH000014HH000014HH000014 /* AITypes.swift in Sources */ = {isa = PBXBuildFile; fileRef = HH000006HH000006HH000006 /* AITypes.swift */; };
		HH000015HH000015HH000015 /* KeyStore.swift in Sources */ = {isa = PBXBuildFile; fileRef = HH000007HH000007HH000007 /* KeyStore.swift */; };
		HH000016HH000016HH000016 /* ModelRegistry.swift in Sources */ = {isa = PBXBuildFile; fileRef = HH000008HH000008HH000008 /* ModelRegistry.swift */; };
		HH000017HH000017HH000017 /* CommandRouter.swift in Sources */ = {isa = PBXBuildFile; fileRef = HH000009HH000009HH000009 /* CommandRouter.swift */; };
		HH000020HH000020HH000020 /* GoogleProvider.swift in Sources */ = {isa = PBXBuildFile; fileRef = HH000012HH000012HH000012 /* GoogleProvider.swift */; };
		HH000025HH000025HH000025 /* PromptLoader.swift in Sources */ = {isa = PBXBuildFile; fileRef = HH000024HH000024HH000024 /* PromptLoader.swift */; };
		HH000441HH000441HH000441 /* StylePresets.swift in Sources */ = {isa = PBXBuildFile; fileRef = HH000440HH000440HH000440 /* StylePresets.swift */; };
		HH000443HH000443HH000443 /* AlphaMatte.swift in Sources */ = {isa = PBXBuildFile; fileRef = HH000442HH000442HH000442 /* AlphaMatte.swift */; };
		HH000445HH000445HH000445 /* MattePrompts.swift in Sources */ = {isa = PBXBuildFile; fileRef = HH000444HH000444HH000444 /* MattePrompts.swift */; };
		HH000451HH000451HH000451 /* SpriteSheetSlicer.swift in Sources */ = {isa = PBXBuildFile; fileRef = HH000450HH000450HH000450 /* SpriteSheetSlicer.swift */; };
		HH000034HH000034HH000034 /* OrgImageRenderer.swift in Sources */ = {isa = PBXBuildFile; fileRef = HH000033HH000033HH000033 /* OrgImageRenderer.swift */; };
		HH000036HH000036HH000036 /* VoiceInputController.swift in Sources */ = {isa = PBXBuildFile; fileRef = HH000035HH000035HH000035 /* VoiceInputController.swift */; };
		HH000040HH000040HH000040 /* IntegrationKit.swift in Sources */ = {isa = PBXBuildFile; fileRef = HH000041HH000041HH000041 /* IntegrationKit.swift */; };
		HH000042HH000042HH000042 /* IntegrationRegistry.swift in Sources */ = {isa = PBXBuildFile; fileRef = HH000043HH000043HH000043 /* IntegrationRegistry.swift */; };
		HH000044HH000044HH000044 /* SplitTypes.swift in Sources */ = {isa = PBXBuildFile; fileRef = HH000045HH000045HH000045 /* SplitTypes.swift */; };
		HH000046HH000046HH000046 /* SplitIntegration.swift in Sources */ = {isa = PBXBuildFile; fileRef = HH000047HH000047HH000047 /* SplitIntegration.swift */; };
		HH000048HH000048HH000048 /* SplitPanelView.swift in Sources */ = {isa = PBXBuildFile; fileRef = HH000049HH000049HH000049 /* SplitPanelView.swift */; };
		HH000050HH000050HH000050 /* SplitHistoryView.swift in Sources */ = {isa = PBXBuildFile; fileRef = HH000051HH000051HH000051 /* SplitHistoryView.swift */; };
		HH000060HH000060HH000060 /* SplitDetailViewController.swift in Sources */ = {isa = PBXBuildFile; fileRef = HH000061HH000061HH000061 /* SplitDetailViewController.swift */; };
		HH000062HH000062HH000062 /* SplitTypes.swift in Sources */ = {isa = PBXBuildFile; fileRef = HH000045HH000045HH000045 /* SplitTypes.swift */; };
		HH000070HH000070HH000070 /* SplitKeychain.swift in Sources */ = {isa = PBXBuildFile; fileRef = HH000071HH000071HH000071 /* SplitKeychain.swift */; };
		HH000072HH000072HH000072 /* SplitOAuth.swift in Sources */ = {isa = PBXBuildFile; fileRef = HH000073HH000073HH000073 /* SplitOAuth.swift */; };
		HH000074HH000074HH000074 /* SplitSheetsClient.swift in Sources */ = {isa = PBXBuildFile; fileRef = HH000075HH000075HH000075 /* SplitSheetsClient.swift */; };
		HH000076HH000076HH000076 /* SplitDriveClient.swift in Sources */ = {isa = PBXBuildFile; fileRef = HH000077HH000077HH000077 /* SplitDriveClient.swift */; };
		HH000078HH000078HH000078 /* SplitCloudSync.swift in Sources */ = {isa = PBXBuildFile; fileRef = HH000079HH000079HH000079 /* SplitCloudSync.swift */; };
		HH000331HH000331HH000331 /* SplitFreshTokenProvider.swift in Sources */ = {isa = PBXBuildFile; fileRef = HH000330HH000330HH000330 /* SplitFreshTokenProvider.swift */; };
		HH000332HH000332HH000332 /* SplitFreshTokenProvider.swift in Sources */ = {isa = PBXBuildFile; fileRef = HH000330HH000330HH000330 /* SplitFreshTokenProvider.swift */; };
		HH000334HH000334HH000334 /* SplitKeychainTokenProvider.swift in Sources */ = {isa = PBXBuildFile; fileRef = HH000333HH000333HH000333 /* SplitKeychainTokenProvider.swift */; };
		HH000335HH000335HH000335 /* SplitKeychainTokenProvider.swift in Sources */ = {isa = PBXBuildFile; fileRef = HH000333HH000333HH000333 /* SplitKeychainTokenProvider.swift */; };
		HH000337HH000337HH000337 /* SplitOAuthConstants.swift in Sources */ = {isa = PBXBuildFile; fileRef = HH000336HH000336HH000336 /* SplitOAuthConstants.swift */; };
		HH000338HH000338HH000338 /* SplitOAuthConstants.swift in Sources */ = {isa = PBXBuildFile; fileRef = HH000336HH000336HH000336 /* SplitOAuthConstants.swift */; };
		HH000340HH000340HH000340 /* SplitKeychain.swift in Sources */ = {isa = PBXBuildFile; fileRef = HH000071HH000071HH000071 /* SplitKeychain.swift */; };
		HH000341HH000341HH000341 /* SplitSheetsClient.swift in Sources */ = {isa = PBXBuildFile; fileRef = HH000075HH000075HH000075 /* SplitSheetsClient.swift */; };
		HH000342HH000342HH000342 /* SplitDriveClient.swift in Sources */ = {isa = PBXBuildFile; fileRef = HH000077HH000077HH000077 /* SplitDriveClient.swift */; };
		HH000343HH000343HH000343 /* SplitCloudSync.swift in Sources */ = {isa = PBXBuildFile; fileRef = HH000079HH000079HH000079 /* SplitCloudSync.swift */; };
		HH000350HH000350HH000350 /* ImageVariants.swift in Sources */ = {isa = PBXBuildFile; fileRef = HH000351HH000351HH000351 /* ImageVariants.swift */; };
		HH000360HH000360HH000360 /* PollSheetViewController.swift in Sources */ = {isa = PBXBuildFile; fileRef = HH000361HH000361HH000361 /* PollSheetViewController.swift */; };
		HH000362HH000362HH000362 /* WyrSheetViewController.swift in Sources */ = {isa = PBXBuildFile; fileRef = HH000363HH000363HH000363 /* WyrSheetViewController.swift */; };
		HH000400HH000400HH000400 /* VoiceRecordingViewController.swift in Sources */ = {isa = PBXBuildFile; fileRef = HH000401HH000401HH000401 /* VoiceRecordingViewController.swift */; };
		HH000410HH000410HH000410 /* VoiceSessionManager.swift in Sources */ = {isa = PBXBuildFile; fileRef = HH000411HH000411HH000411 /* VoiceSessionManager.swift */; };
		HH000364HH000364HH000364 /* WorkerUrls.swift in Sources */ = {isa = PBXBuildFile; fileRef = HH000221HH000221HH000221 /* WorkerUrls.swift */; };
		HH000365HH000365HH000365 /* PollClient.swift in Sources */ = {isa = PBXBuildFile; fileRef = HH000223HH000223HH000223 /* PollClient.swift */; };
		HH000366HH000366HH000366 /* WyrClient.swift in Sources */ = {isa = PBXBuildFile; fileRef = HH000231HH000231HH000231 /* WyrClient.swift */; };
		HH000370HH000370HH000370 /* ImageHistory.swift in Sources */ = {isa = PBXBuildFile; fileRef = HH000371HH000371HH000371 /* ImageHistory.swift */; };
		HH000372HH000372HH000372 /* ImageHistory.swift in Sources */ = {isa = PBXBuildFile; fileRef = HH000371HH000371HH000371 /* ImageHistory.swift */; };
		HH000373HH000373HH000373 /* HistoryViewController.swift in Sources */ = {isa = PBXBuildFile; fileRef = HH000374HH000374HH000374 /* HistoryViewController.swift */; };
		HH000375HH000375HH000375 /* PresetChipStripView.swift in Sources */ = {isa = PBXBuildFile; fileRef = HH000376HH000376HH000376 /* PresetChipStripView.swift */; };
		HH000380HH000380HH000380 /* ImageDownsizer.swift in Sources */ = {isa = PBXBuildFile; fileRef = HH000381HH000381HH000381 /* ImageDownsizer.swift */; };
		HH000090HH000090HH000090 /* NotionTypes.swift in Sources */ = {isa = PBXBuildFile; fileRef = HH000091HH000091HH000091 /* NotionTypes.swift */; };
		HH000092HH000092HH000092 /* NotionClient.swift in Sources */ = {isa = PBXBuildFile; fileRef = HH000093HH000093HH000093 /* NotionClient.swift */; };
		HH000094HH000094HH000094 /* NotionLlmBridge.swift in Sources */ = {isa = PBXBuildFile; fileRef = HH000095HH000095HH000095 /* NotionLlmBridge.swift */; };
		HH000096HH000096HH000096 /* NotionIntegration.swift in Sources */ = {isa = PBXBuildFile; fileRef = HH000097HH000097HH000097 /* NotionIntegration.swift */; };
		HH000098HH000098HH000098 /* SlackTypes.swift in Sources */ = {isa = PBXBuildFile; fileRef = HH000099HH000099HH000099 /* SlackTypes.swift */; };
		HH000100HH000100HH000100 /* SlackClient.swift in Sources */ = {isa = PBXBuildFile; fileRef = HH000101HH000101HH000101 /* SlackClient.swift */; };
		HH000102HH000102HH000102 /* SlackIntegration.swift in Sources */ = {isa = PBXBuildFile; fileRef = HH000103HH000103HH000103 /* SlackIntegration.swift */; };
		HH000104HH000104HH000104 /* NotionAuth.swift in Sources */ = {isa = PBXBuildFile; fileRef = HH000105HH000105HH000105 /* NotionAuth.swift */; };
		HH000106HH000106HH000106 /* SlackAuth.swift in Sources */ = {isa = PBXBuildFile; fileRef = HH000107HH000107HH000107 /* SlackAuth.swift */; };
		HH000108HH000108HH000108 /* NotionConnectViewController.swift in Sources */ = {isa = PBXBuildFile; fileRef = HH000109HH000109HH000109 /* NotionConnectViewController.swift */; };
		HH000110HH000110HH000110 /* SlackConnectViewController.swift in Sources */ = {isa = PBXBuildFile; fileRef = HH000111HH000111HH000111 /* SlackConnectViewController.swift */; };
		HH000112HH000112HH000112 /* NotionTypes.swift in Sources */ = {isa = PBXBuildFile; fileRef = HH000091HH000091HH000091 /* NotionTypes.swift */; };
		HH000113HH000113HH000113 /* SlackTypes.swift in Sources */ = {isa = PBXBuildFile; fileRef = HH000099HH000099HH000099 /* SlackTypes.swift */; };
		HH000114HH000114HH000114 /* NotionClient.swift in Sources */ = {isa = PBXBuildFile; fileRef = HH000093HH000093HH000093 /* NotionClient.swift */; };
		HH000115HH000115HH000115 /* SlackClient.swift in Sources */ = {isa = PBXBuildFile; fileRef = HH000101HH000101HH000101 /* SlackClient.swift */; };
		HH000120HH000120HH000120 /* KeyRows.swift in Sources */ = {isa = PBXBuildFile; fileRef = HH000121HH000121HH000121 /* KeyRows.swift */; };
		HH000122HH000122HH000122 /* KeyboardPalette.swift in Sources */ = {isa = PBXBuildFile; fileRef = HH000123HH000123HH000123 /* KeyboardPalette.swift */; };
		HH000124HH000124HH000124 /* SlashCommand.swift in Sources */ = {isa = PBXBuildFile; fileRef = HH000125HH000125HH000125 /* SlashCommand.swift */; };
		HH000130HH000130HH000130 /* QuickPanelView.swift in Sources */ = {isa = PBXBuildFile; fileRef = HH000131HH000131HH000131 /* QuickPanelView.swift */; };
		HH000420HH000420HH000420 /* HistoryPanelView.swift in Sources */ = {isa = PBXBuildFile; fileRef = HH000421HH000421HH000421 /* HistoryPanelView.swift */; };
		HH000430HH000430HH000430 /* CommandSuggestionStripView.swift in Sources */ = {isa = PBXBuildFile; fileRef = HH000431HH000431HH000431 /* CommandSuggestionStripView.swift */; };
		HH000140HH000140HH000140 /* PersonalizationKeys.swift in Sources */ = {isa = PBXBuildFile; fileRef = HH000141HH000141HH000141 /* PersonalizationKeys.swift */; };
		HH000142HH000142HH000142 /* PersonalizationViewController.swift in Sources */ = {isa = PBXBuildFile; fileRef = HH000143HH000143HH000143 /* PersonalizationViewController.swift */; };
		HH000144HH000144HH000144 /* PersonalizationKeys.swift in Sources */ = {isa = PBXBuildFile; fileRef = HH000141HH000141HH000141 /* PersonalizationKeys.swift */; };
		HH000150HH000150HH000150 /* Secrets.swift in Sources */ = {isa = PBXBuildFile; fileRef = HH000151HH000151HH000151 /* Secrets.swift */; };
		HH000240HH000240HH000240 /* Secrets.swift in Sources */ = {isa = PBXBuildFile; fileRef = HH000151HH000151HH000151 /* Secrets.swift */; };
		HH000200HH000200HH000200 /* QrRenderer.swift in Sources */ = {isa = PBXBuildFile; fileRef = HH000201HH000201HH000201 /* QrRenderer.swift */; };
		HH000202HH000202HH000202 /* JoinSplitViewController.swift in Sources */ = {isa = PBXBuildFile; fileRef = HH000203HH000203HH000203 /* JoinSplitViewController.swift */; };
		HH000220HH000220HH000220 /* WorkerUrls.swift in Sources */ = {isa = PBXBuildFile; fileRef = HH000221HH000221HH000221 /* WorkerUrls.swift */; };
		HH000222HH000222HH000222 /* PollClient.swift in Sources */ = {isa = PBXBuildFile; fileRef = HH000223HH000223HH000223 /* PollClient.swift */; };
		HH000224HH000224HH000224 /* PollIntegration.swift in Sources */ = {isa = PBXBuildFile; fileRef = HH000225HH000225HH000225 /* PollIntegration.swift */; };
		HH000230HH000230HH000230 /* WyrClient.swift in Sources */ = {isa = PBXBuildFile; fileRef = HH000231HH000231HH000231 /* WyrClient.swift */; };
		HH000232HH000232HH000232 /* WyrIntegration.swift in Sources */ = {isa = PBXBuildFile; fileRef = HH000233HH000233HH000233 /* WyrIntegration.swift */; };
		HH000300HH000300HH000300 /* WebIntegration.swift in Sources */ = {isa = PBXBuildFile; fileRef = HH000301HH000301HH000301 /* WebIntegration.swift */; };
		HH000302HH000302HH000302 /* WebPanelView.swift in Sources */ = {isa = PBXBuildFile; fileRef = HH000303HH000303HH000303 /* WebPanelView.swift */; };
		HH000310HH000310HH000310 /* SuggestedShortcut.swift in Sources */ = {isa = PBXBuildFile; fileRef = HH000311HH000311HH000311 /* SuggestedShortcut.swift */; };
		HH000312HH000312HH000312 /* SuggestedShortcutCatalog.swift in Sources */ = {isa = PBXBuildFile; fileRef = HH000313HH000313HH000313 /* SuggestedShortcutCatalog.swift */; };
		HH000321HH000321HH000321 /* KeyboardTheme.swift in Sources */ = {isa = PBXBuildFile; fileRef = HH000320HH000320HH000320 /* KeyboardTheme.swift */; };
		HH000322HH000322HH000322 /* KeyboardTheme.swift in Sources */ = {isa = PBXBuildFile; fileRef = HH000320HH000320HH000320 /* KeyboardTheme.swift */; };
		HH000324HH000324HH000324 /* KeyboardThemeManager.swift in Sources */ = {isa = PBXBuildFile; fileRef = HH000323HH000323HH000323 /* KeyboardThemeManager.swift */; };
		HH000325HH000325HH000325 /* KeyboardThemeManager.swift in Sources */ = {isa = PBXBuildFile; fileRef = HH000323HH000323HH000323 /* KeyboardThemeManager.swift */; };
		FF000001FF000001FF000001 /* TurtleKeyboardExtension.appex in Embed Foundation Extensions */ = {isa = PBXBuildFile; fileRef = EE000005EE000005EE000005 /* TurtleKeyboardExtension.appex */; settings = {ATTRIBUTES = (RemoveHeadersOnCopy, ); }; };
/* End PBXBuildFile section */

/* Begin PBXContainerItemProxy section */
		FF000002FF000002FF000002 /* PBXContainerItemProxy */ = {
			isa = PBXContainerItemProxy;
			containerPortal = AA000001AA000001AA000001 /* Project object */;
			proxyType = 1;
			remoteGlobalIDString = DD000001DD000001DD000001;
			remoteInfo = TurtleKeyboardExtension;
		};
/* End PBXContainerItemProxy section */

/* Begin PBXCopyFilesBuildPhase section */
		BB000008BB000008BB000008 /* Embed Foundation Extensions */ = {
			isa = PBXCopyFilesBuildPhase;
			buildActionMask = 2147483647;
			dstPath = "";
			dstSubfolderSpec = 13;
			files = (
				FF000001FF000001FF000001 /* TurtleKeyboardExtension.appex in Embed Foundation Extensions */,
			);
			name = "Embed Foundation Extensions";
			runOnlyForDeploymentPostprocessing = 0;
		};
/* End PBXCopyFilesBuildPhase section */

/* Begin PBXFileReference section */
		CC000002CC000002CC000002 /* AppDelegate.swift */ = {isa = PBXFileReference; lastKnownFileType = sourcecode.swift; path = AppDelegate.swift; sourceTree = "<group>"; };
		CC000004CC000004CC000004 /* ViewController.swift */ = {isa = PBXFileReference; lastKnownFileType = sourcecode.swift; path = ViewController.swift; sourceTree = "<group>"; };
		CC000006CC000006CC000006 /* Info.plist */ = {isa = PBXFileReference; lastKnownFileType = text.plist.xml; path = Info.plist; sourceTree = "<group>"; };
		CC000007CC000007CC000007 /* TurtleKeyboard.app */ = {isa = PBXFileReference; explicitFileType = wrapper.application; includeInIndex = 0; path = TurtleKeyboard.app; sourceTree = BUILT_PRODUCTS_DIR; };
		EE000002EE000002EE000002 /* KeyboardViewController.swift */ = {isa = PBXFileReference; lastKnownFileType = sourcecode.swift; path = KeyboardViewController.swift; sourceTree = "<group>"; };
		HH000003HH000003HH000003 /* Models.swift */ = {isa = PBXFileReference; lastKnownFileType = sourcecode.swift; path = Models.swift; sourceTree = "<group>"; };
		HH000006HH000006HH000006 /* AITypes.swift */ = {isa = PBXFileReference; lastKnownFileType = sourcecode.swift; path = AITypes.swift; sourceTree = "<group>"; };
		HH000007HH000007HH000007 /* KeyStore.swift */ = {isa = PBXFileReference; lastKnownFileType = sourcecode.swift; path = KeyStore.swift; sourceTree = "<group>"; };
		HH000008HH000008HH000008 /* ModelRegistry.swift */ = {isa = PBXFileReference; lastKnownFileType = sourcecode.swift; path = ModelRegistry.swift; sourceTree = "<group>"; };
		HH000009HH000009HH000009 /* CommandRouter.swift */ = {isa = PBXFileReference; lastKnownFileType = sourcecode.swift; path = CommandRouter.swift; sourceTree = "<group>"; };
		HH000012HH000012HH000012 /* GoogleProvider.swift */ = {isa = PBXFileReference; lastKnownFileType = sourcecode.swift; path = GoogleProvider.swift; sourceTree = "<group>"; };
		HH000024HH000024HH000024 /* PromptLoader.swift */ = {isa = PBXFileReference; lastKnownFileType = sourcecode.swift; path = PromptLoader.swift; sourceTree = "<group>"; };
		HH000440HH000440HH000440 /* StylePresets.swift */ = {isa = PBXFileReference; lastKnownFileType = sourcecode.swift; path = StylePresets.swift; sourceTree = "<group>"; };
		HH000442HH000442HH000442 /* AlphaMatte.swift */ = {isa = PBXFileReference; lastKnownFileType = sourcecode.swift; path = AlphaMatte.swift; sourceTree = "<group>"; };
		HH000444HH000444HH000444 /* MattePrompts.swift */ = {isa = PBXFileReference; lastKnownFileType = sourcecode.swift; path = MattePrompts.swift; sourceTree = "<group>"; };
		HH000450HH000450HH000450 /* SpriteSheetSlicer.swift */ = {isa = PBXFileReference; lastKnownFileType = sourcecode.swift; path = SpriteSheetSlicer.swift; sourceTree = "<group>"; };
		HH000033HH000033HH000033 /* OrgImageRenderer.swift */ = {isa = PBXFileReference; lastKnownFileType = sourcecode.swift; path = OrgImageRenderer.swift; sourceTree = "<group>"; };
		HH000035HH000035HH000035 /* VoiceInputController.swift */ = {isa = PBXFileReference; lastKnownFileType = sourcecode.swift; path = VoiceInputController.swift; sourceTree = "<group>"; };
		HH000041HH000041HH000041 /* IntegrationKit.swift */ = {isa = PBXFileReference; lastKnownFileType = sourcecode.swift; path = IntegrationKit.swift; sourceTree = "<group>"; };
		HH000043HH000043HH000043 /* IntegrationRegistry.swift */ = {isa = PBXFileReference; lastKnownFileType = sourcecode.swift; path = IntegrationRegistry.swift; sourceTree = "<group>"; };
		HH000045HH000045HH000045 /* SplitTypes.swift */ = {isa = PBXFileReference; lastKnownFileType = sourcecode.swift; path = SplitTypes.swift; sourceTree = "<group>"; };
		HH000047HH000047HH000047 /* SplitIntegration.swift */ = {isa = PBXFileReference; lastKnownFileType = sourcecode.swift; path = SplitIntegration.swift; sourceTree = "<group>"; };
		HH000049HH000049HH000049 /* SplitPanelView.swift */ = {isa = PBXFileReference; lastKnownFileType = sourcecode.swift; path = SplitPanelView.swift; sourceTree = "<group>"; };
		HH000051HH000051HH000051 /* SplitHistoryView.swift */ = {isa = PBXFileReference; lastKnownFileType = sourcecode.swift; path = SplitHistoryView.swift; sourceTree = "<group>"; };
		HH000061HH000061HH000061 /* SplitDetailViewController.swift */ = {isa = PBXFileReference; lastKnownFileType = sourcecode.swift; path = SplitDetailViewController.swift; sourceTree = "<group>"; };
		HH000071HH000071HH000071 /* SplitKeychain.swift */ = {isa = PBXFileReference; lastKnownFileType = sourcecode.swift; path = SplitKeychain.swift; sourceTree = "<group>"; };
		HH000073HH000073HH000073 /* SplitOAuth.swift */ = {isa = PBXFileReference; lastKnownFileType = sourcecode.swift; path = SplitOAuth.swift; sourceTree = "<group>"; };
		HH000075HH000075HH000075 /* SplitSheetsClient.swift */ = {isa = PBXFileReference; lastKnownFileType = sourcecode.swift; path = SplitSheetsClient.swift; sourceTree = "<group>"; };
		HH000077HH000077HH000077 /* SplitDriveClient.swift */ = {isa = PBXFileReference; lastKnownFileType = sourcecode.swift; path = SplitDriveClient.swift; sourceTree = "<group>"; };
		HH000079HH000079HH000079 /* SplitCloudSync.swift */ = {isa = PBXFileReference; lastKnownFileType = sourcecode.swift; path = SplitCloudSync.swift; sourceTree = "<group>"; };
		HH000330HH000330HH000330 /* SplitFreshTokenProvider.swift */ = {isa = PBXFileReference; lastKnownFileType = sourcecode.swift; path = SplitFreshTokenProvider.swift; sourceTree = "<group>"; };
		HH000333HH000333HH000333 /* SplitKeychainTokenProvider.swift */ = {isa = PBXFileReference; lastKnownFileType = sourcecode.swift; path = SplitKeychainTokenProvider.swift; sourceTree = "<group>"; };
		HH000336HH000336HH000336 /* SplitOAuthConstants.swift */ = {isa = PBXFileReference; lastKnownFileType = sourcecode.swift; path = SplitOAuthConstants.swift; sourceTree = "<group>"; };
		HH000351HH000351HH000351 /* ImageVariants.swift */ = {isa = PBXFileReference; lastKnownFileType = sourcecode.swift; path = ImageVariants.swift; sourceTree = "<group>"; };
		HH000361HH000361HH000361 /* PollSheetViewController.swift */ = {isa = PBXFileReference; lastKnownFileType = sourcecode.swift; path = PollSheetViewController.swift; sourceTree = "<group>"; };
		HH000363HH000363HH000363 /* WyrSheetViewController.swift */ = {isa = PBXFileReference; lastKnownFileType = sourcecode.swift; path = WyrSheetViewController.swift; sourceTree = "<group>"; };
		HH000401HH000401HH000401 /* VoiceRecordingViewController.swift */ = {isa = PBXFileReference; lastKnownFileType = sourcecode.swift; path = VoiceRecordingViewController.swift; sourceTree = "<group>"; };
		HH000411HH000411HH000411 /* VoiceSessionManager.swift */ = {isa = PBXFileReference; lastKnownFileType = sourcecode.swift; path = VoiceSessionManager.swift; sourceTree = "<group>"; };
		HH000371HH000371HH000371 /* ImageHistory.swift */ = {isa = PBXFileReference; lastKnownFileType = sourcecode.swift; path = ImageHistory.swift; sourceTree = "<group>"; };
		HH000374HH000374HH000374 /* HistoryViewController.swift */ = {isa = PBXFileReference; lastKnownFileType = sourcecode.swift; path = HistoryViewController.swift; sourceTree = "<group>"; };
		HH000376HH000376HH000376 /* PresetChipStripView.swift */ = {isa = PBXFileReference; lastKnownFileType = sourcecode.swift; path = PresetChipStripView.swift; sourceTree = "<group>"; };
		HH000381HH000381HH000381 /* ImageDownsizer.swift */ = {isa = PBXFileReference; lastKnownFileType = sourcecode.swift; path = ImageDownsizer.swift; sourceTree = "<group>"; };
		HH000091HH000091HH000091 /* NotionTypes.swift */ = {isa = PBXFileReference; lastKnownFileType = sourcecode.swift; path = NotionTypes.swift; sourceTree = "<group>"; };
		HH000093HH000093HH000093 /* NotionClient.swift */ = {isa = PBXFileReference; lastKnownFileType = sourcecode.swift; path = NotionClient.swift; sourceTree = "<group>"; };
		HH000095HH000095HH000095 /* NotionLlmBridge.swift */ = {isa = PBXFileReference; lastKnownFileType = sourcecode.swift; path = NotionLlmBridge.swift; sourceTree = "<group>"; };
		HH000097HH000097HH000097 /* NotionIntegration.swift */ = {isa = PBXFileReference; lastKnownFileType = sourcecode.swift; path = NotionIntegration.swift; sourceTree = "<group>"; };
		HH000099HH000099HH000099 /* SlackTypes.swift */ = {isa = PBXFileReference; lastKnownFileType = sourcecode.swift; path = SlackTypes.swift; sourceTree = "<group>"; };
		HH000101HH000101HH000101 /* SlackClient.swift */ = {isa = PBXFileReference; lastKnownFileType = sourcecode.swift; path = SlackClient.swift; sourceTree = "<group>"; };
		HH000103HH000103HH000103 /* SlackIntegration.swift */ = {isa = PBXFileReference; lastKnownFileType = sourcecode.swift; path = SlackIntegration.swift; sourceTree = "<group>"; };
		HH000105HH000105HH000105 /* NotionAuth.swift */ = {isa = PBXFileReference; lastKnownFileType = sourcecode.swift; path = NotionAuth.swift; sourceTree = "<group>"; };
		HH000107HH000107HH000107 /* SlackAuth.swift */ = {isa = PBXFileReference; lastKnownFileType = sourcecode.swift; path = SlackAuth.swift; sourceTree = "<group>"; };
		HH000109HH000109HH000109 /* NotionConnectViewController.swift */ = {isa = PBXFileReference; lastKnownFileType = sourcecode.swift; path = NotionConnectViewController.swift; sourceTree = "<group>"; };
		HH000111HH000111HH000111 /* SlackConnectViewController.swift */ = {isa = PBXFileReference; lastKnownFileType = sourcecode.swift; path = SlackConnectViewController.swift; sourceTree = "<group>"; };
		HH000121HH000121HH000121 /* KeyRows.swift */ = {isa = PBXFileReference; lastKnownFileType = sourcecode.swift; path = KeyRows.swift; sourceTree = "<group>"; };
		HH000123HH000123HH000123 /* KeyboardPalette.swift */ = {isa = PBXFileReference; lastKnownFileType = sourcecode.swift; path = KeyboardPalette.swift; sourceTree = "<group>"; };
		HH000125HH000125HH000125 /* SlashCommand.swift */ = {isa = PBXFileReference; lastKnownFileType = sourcecode.swift; path = SlashCommand.swift; sourceTree = "<group>"; };
		HH000131HH000131HH000131 /* QuickPanelView.swift */ = {isa = PBXFileReference; lastKnownFileType = sourcecode.swift; path = QuickPanelView.swift; sourceTree = "<group>"; };
		HH000421HH000421HH000421 /* HistoryPanelView.swift */ = {isa = PBXFileReference; lastKnownFileType = sourcecode.swift; path = HistoryPanelView.swift; sourceTree = "<group>"; };
		HH000431HH000431HH000431 /* CommandSuggestionStripView.swift */ = {isa = PBXFileReference; lastKnownFileType = sourcecode.swift; path = CommandSuggestionStripView.swift; sourceTree = "<group>"; };
		HH000141HH000141HH000141 /* PersonalizationKeys.swift */ = {isa = PBXFileReference; lastKnownFileType = sourcecode.swift; path = PersonalizationKeys.swift; sourceTree = "<group>"; };
		HH000143HH000143HH000143 /* PersonalizationViewController.swift */ = {isa = PBXFileReference; lastKnownFileType = sourcecode.swift; path = PersonalizationViewController.swift; sourceTree = "<group>"; };
		HH000151HH000151HH000151 /* Secrets.swift */ = {isa = PBXFileReference; lastKnownFileType = sourcecode.swift; name = "Secrets.swift"; path = "../Generated/Secrets.swift"; sourceTree = "<group>"; };
		HH000201HH000201HH000201 /* QrRenderer.swift */ = {isa = PBXFileReference; lastKnownFileType = sourcecode.swift; path = QrRenderer.swift; sourceTree = "<group>"; };
		HH000203HH000203HH000203 /* JoinSplitViewController.swift */ = {isa = PBXFileReference; lastKnownFileType = sourcecode.swift; path = JoinSplitViewController.swift; sourceTree = "<group>"; };
		HH000210HH000210HH000210 /* TurtleKeyboard.entitlements */ = {isa = PBXFileReference; lastKnownFileType = text.plist.entitlements; path = TurtleKeyboard.entitlements; sourceTree = "<group>"; };
		HH000211HH000211HH000211 /* TurtleKeyboardExtension.entitlements */ = {isa = PBXFileReference; lastKnownFileType = text.plist.entitlements; path = TurtleKeyboardExtension.entitlements; sourceTree = "<group>"; };
		HH000221HH000221HH000221 /* WorkerUrls.swift */ = {isa = PBXFileReference; lastKnownFileType = sourcecode.swift; path = WorkerUrls.swift; sourceTree = "<group>"; };
		HH000223HH000223HH000223 /* PollClient.swift */ = {isa = PBXFileReference; lastKnownFileType = sourcecode.swift; path = PollClient.swift; sourceTree = "<group>"; };
		HH000225HH000225HH000225 /* PollIntegration.swift */ = {isa = PBXFileReference; lastKnownFileType = sourcecode.swift; path = PollIntegration.swift; sourceTree = "<group>"; };
		HH000231HH000231HH000231 /* WyrClient.swift */ = {isa = PBXFileReference; lastKnownFileType = sourcecode.swift; path = WyrClient.swift; sourceTree = "<group>"; };
		HH000233HH000233HH000233 /* WyrIntegration.swift */ = {isa = PBXFileReference; lastKnownFileType = sourcecode.swift; path = WyrIntegration.swift; sourceTree = "<group>"; };
		HH000301HH000301HH000301 /* WebIntegration.swift */ = {isa = PBXFileReference; lastKnownFileType = sourcecode.swift; path = WebIntegration.swift; sourceTree = "<group>"; };
		HH000303HH000303HH000303 /* WebPanelView.swift */ = {isa = PBXFileReference; lastKnownFileType = sourcecode.swift; path = WebPanelView.swift; sourceTree = "<group>"; };
		HH000311HH000311HH000311 /* SuggestedShortcut.swift */ = {isa = PBXFileReference; lastKnownFileType = sourcecode.swift; path = SuggestedShortcut.swift; sourceTree = "<group>"; };
		HH000313HH000313HH000313 /* SuggestedShortcutCatalog.swift */ = {isa = PBXFileReference; lastKnownFileType = sourcecode.swift; path = SuggestedShortcutCatalog.swift; sourceTree = "<group>"; };
		HH000320HH000320HH000320 /* KeyboardTheme.swift */ = {isa = PBXFileReference; lastKnownFileType = sourcecode.swift; path = KeyboardTheme.swift; sourceTree = "<group>"; };
		HH000323HH000323HH000323 /* KeyboardThemeManager.swift */ = {isa = PBXFileReference; lastKnownFileType = sourcecode.swift; path = KeyboardThemeManager.swift; sourceTree = "<group>"; };
		EE000004EE000004EE000004 /* Info.plist */ = {isa = PBXFileReference; lastKnownFileType = text.plist.xml; path = Info.plist; sourceTree = "<group>"; };
		EE000005EE000005EE000005 /* TurtleKeyboardExtension.appex */ = {isa = PBXFileReference; explicitFileType = "wrapper.app-extension"; includeInIndex = 0; path = TurtleKeyboardExtension.appex; sourceTree = BUILT_PRODUCTS_DIR; };
/* End PBXFileReference section */

/* Begin PBXFrameworksBuildPhase section */
		BB000007BB000007BB000007 /* Frameworks */ = {
			isa = PBXFrameworksBuildPhase;
			buildActionMask = 2147483647;
			files = (
			);
			runOnlyForDeploymentPostprocessing = 0;
		};
		DD000007DD000007DD000007 /* Frameworks */ = {
			isa = PBXFrameworksBuildPhase;
			buildActionMask = 2147483647;
			files = (
			);
			runOnlyForDeploymentPostprocessing = 0;
		};
/* End PBXFrameworksBuildPhase section */

/* Begin PBXGroup section */
		AA000002AA000002AA000002 = {
			isa = PBXGroup;
			children = (
				CC000001CC000001CC000001 /* TurtleKeyboard */,
				EE000001EE000001EE000001 /* TurtleKeyboardExtension */,
				AA000003AA000003AA000003 /* Products */,
			);
			sourceTree = "<group>";
		};
		AA000003AA000003AA000003 /* Products */ = {
			isa = PBXGroup;
			children = (
				CC000007CC000007CC000007 /* TurtleKeyboard.app */,
				EE000005EE000005EE000005 /* TurtleKeyboardExtension.appex */,
			);
			name = Products;
			sourceTree = "<group>";
		};
		CC000001CC000001CC000001 /* TurtleKeyboard */ = {
			isa = PBXGroup;
			children = (
				CC000002CC000002CC000002 /* AppDelegate.swift */,
				CC000004CC000004CC000004 /* ViewController.swift */,
				HH000061HH000061HH000061 /* SplitDetailViewController.swift */,
				HH000203HH000203HH000203 /* JoinSplitViewController.swift */,
				HH000109HH000109HH000109 /* NotionConnectViewController.swift */,
				HH000111HH000111HH000111 /* SlackConnectViewController.swift */,
				HH000143HH000143HH000143 /* PersonalizationViewController.swift */,
				HH000361HH000361HH000361 /* PollSheetViewController.swift */,
				HH000363HH000363HH000363 /* WyrSheetViewController.swift */,
				HH000401HH000401HH000401 /* VoiceRecordingViewController.swift */,
				HH000411HH000411HH000411 /* VoiceSessionManager.swift */,
				HH000374HH000374HH000374 /* HistoryViewController.swift */,
				HH000151HH000151HH000151 /* Secrets.swift */,
				HH000080HH000080HH000080 /* Cloud */,
				CC000006CC000006CC000006 /* Info.plist */,
				HH000210HH000210HH000210 /* TurtleKeyboard.entitlements */,
			);
			path = TurtleKeyboard;
			sourceTree = "<group>";
		};
		HH000080HH000080HH000080 /* Cloud */ = {
			isa = PBXGroup;
			children = (
				HH000071HH000071HH000071 /* SplitKeychain.swift */,
				HH000073HH000073HH000073 /* SplitOAuth.swift */,
				HH000075HH000075HH000075 /* SplitSheetsClient.swift */,
				HH000077HH000077HH000077 /* SplitDriveClient.swift */,
				HH000079HH000079HH000079 /* SplitCloudSync.swift */,
				HH000330HH000330HH000330 /* SplitFreshTokenProvider.swift */,
				HH000333HH000333HH000333 /* SplitKeychainTokenProvider.swift */,
				HH000336HH000336HH000336 /* SplitOAuthConstants.swift */,
				HH000201HH000201HH000201 /* QrRenderer.swift */,
				HH000105HH000105HH000105 /* NotionAuth.swift */,
				HH000107HH000107HH000107 /* SlackAuth.swift */,
			);
			path = Cloud;
			sourceTree = "<group>";
		};
		HH000005HH000005HH000005 /* AI */ = {
			isa = PBXGroup;
			children = (
				HH000006HH000006HH000006 /* AITypes.swift */,
				HH000007HH000007HH000007 /* KeyStore.swift */,
				HH000008HH000008HH000008 /* ModelRegistry.swift */,
				HH000009HH000009HH000009 /* CommandRouter.swift */,
				HH000012HH000012HH000012 /* GoogleProvider.swift */,
				HH000024HH000024HH000024 /* PromptLoader.swift */,
				HH000440HH000440HH000440 /* StylePresets.swift */,
				HH000442HH000442HH000442 /* AlphaMatte.swift */,
				HH000444HH000444HH000444 /* MattePrompts.swift */,
				HH000450HH000450HH000450 /* SpriteSheetSlicer.swift */,
				HH000033HH000033HH000033 /* OrgImageRenderer.swift */,
				HH000351HH000351HH000351 /* ImageVariants.swift */,
				HH000371HH000371HH000371 /* ImageHistory.swift */,
				HH000381HH000381HH000381 /* ImageDownsizer.swift */,
			);
			path = AI;
			sourceTree = "<group>";
		};
		EE000001EE000001EE000001 /* TurtleKeyboardExtension */ = {
			isa = PBXGroup;
			children = (
				EE000002EE000002EE000002 /* KeyboardViewController.swift */,
				HH000003HH000003HH000003 /* Models.swift */,
				HH000005HH000005HH000005 /* AI */,
				HH000037HH000037HH000037 /* Voice */,
				HH000038HH000038HH000038 /* Integration */,
				HH000126HH000126HH000126 /* Keyboard */,
				HH000127HH000127HH000127 /* Command */,
				EE000004EE000004EE000004 /* Info.plist */,
				HH000211HH000211HH000211 /* TurtleKeyboardExtension.entitlements */,
			);
			path = TurtleKeyboardExtension;
			sourceTree = "<group>";
		};
		HH000126HH000126HH000126 /* Keyboard */ = {
			isa = PBXGroup;
			children = (
				HH000121HH000121HH000121 /* KeyRows.swift */,
				HH000123HH000123HH000123 /* KeyboardPalette.swift */,
				HH000131HH000131HH000131 /* QuickPanelView.swift */,
				HH000421HH000421HH000421 /* HistoryPanelView.swift */,
				HH000431HH000431HH000431 /* CommandSuggestionStripView.swift */,
				HH000376HH000376HH000376 /* PresetChipStripView.swift */,
				HH000320HH000320HH000320 /* KeyboardTheme.swift */,
				HH000323HH000323HH000323 /* KeyboardThemeManager.swift */,
			);
			path = Keyboard;
			sourceTree = "<group>";
		};
		HH000127HH000127HH000127 /* Command */ = {
			isa = PBXGroup;
			children = (
				HH000125HH000125HH000125 /* SlashCommand.swift */,
			);
			path = Command;
			sourceTree = "<group>";
		};
		HH000037HH000037HH000037 /* Voice */ = {
			isa = PBXGroup;
			children = (
				HH000035HH000035HH000035 /* VoiceInputController.swift */,
			);
			path = Voice;
			sourceTree = "<group>";
		};
		HH000038HH000038HH000038 /* Integration */ = {
			isa = PBXGroup;
			children = (
				HH000041HH000041HH000041 /* IntegrationKit.swift */,
				HH000043HH000043HH000043 /* IntegrationRegistry.swift */,
				HH000141HH000141HH000141 /* PersonalizationKeys.swift */,
				HH000221HH000221HH000221 /* WorkerUrls.swift */,
				HH000311HH000311HH000311 /* SuggestedShortcut.swift */,
				HH000313HH000313HH000313 /* SuggestedShortcutCatalog.swift */,
				HH000039HH000039HH000039 /* Split */,
				HH000116HH000116HH000116 /* Notion */,
				HH000117HH000117HH000117 /* Slack */,
				HH000226HH000226HH000226 /* Poll */,
				HH000234HH000234HH000234 /* Wyr */,
				HH000304HH000304HH000304 /* Web */,
			);
			path = Integration;
			sourceTree = "<group>";
		};
		HH000226HH000226HH000226 /* Poll */ = {
			isa = PBXGroup;
			children = (
				HH000223HH000223HH000223 /* PollClient.swift */,
				HH000225HH000225HH000225 /* PollIntegration.swift */,
			);
			path = Poll;
			sourceTree = "<group>";
		};
		HH000234HH000234HH000234 /* Wyr */ = {
			isa = PBXGroup;
			children = (
				HH000231HH000231HH000231 /* WyrClient.swift */,
				HH000233HH000233HH000233 /* WyrIntegration.swift */,
			);
			path = Wyr;
			sourceTree = "<group>";
		};
		HH000304HH000304HH000304 /* Web */ = {
			isa = PBXGroup;
			children = (
				HH000301HH000301HH000301 /* WebIntegration.swift */,
				HH000303HH000303HH000303 /* WebPanelView.swift */,
			);
			path = Web;
			sourceTree = "<group>";
		};
		HH000039HH000039HH000039 /* Split */ = {
			isa = PBXGroup;
			children = (
				HH000045HH000045HH000045 /* SplitTypes.swift */,
				HH000047HH000047HH000047 /* SplitIntegration.swift */,
				HH000049HH000049HH000049 /* SplitPanelView.swift */,
				HH000051HH000051HH000051 /* SplitHistoryView.swift */,
			);
			path = Split;
			sourceTree = "<group>";
		};
		HH000116HH000116HH000116 /* Notion */ = {
			isa = PBXGroup;
			children = (
				HH000091HH000091HH000091 /* NotionTypes.swift */,
				HH000093HH000093HH000093 /* NotionClient.swift */,
				HH000095HH000095HH000095 /* NotionLlmBridge.swift */,
				HH000097HH000097HH000097 /* NotionIntegration.swift */,
			);
			path = Notion;
			sourceTree = "<group>";
		};
		HH000117HH000117HH000117 /* Slack */ = {
			isa = PBXGroup;
			children = (
				HH000099HH000099HH000099 /* SlackTypes.swift */,
				HH000101HH000101HH000101 /* SlackClient.swift */,
				HH000103HH000103HH000103 /* SlackIntegration.swift */,
			);
			path = Slack;
			sourceTree = "<group>";
		};
/* End PBXGroup section */

/* Begin PBXNativeTarget section */
		BB000001BB000001BB000001 /* TurtleKeyboard */ = {
			isa = PBXNativeTarget;
			buildConfigurationList = BB000002BB000002BB000002 /* Build configuration list for PBXNativeTarget "TurtleKeyboard" */;
			buildPhases = (
				BB000005BB000005BB000005 /* Sources */,
				BB000007BB000007BB000007 /* Frameworks */,
				BB000006BB000006BB000006 /* Resources */,
				BB000008BB000008BB000008 /* Embed Foundation Extensions */,
			);
			buildRules = (
			);
			dependencies = (
				FF000003FF000003FF000003 /* PBXTargetDependency */,
			);
			name = TurtleKeyboard;
			productName = TurtleKeyboard;
			productReference = CC000007CC000007CC000007 /* TurtleKeyboard.app */;
			productType = "com.apple.product-type.application";
		};
		DD000001DD000001DD000001 /* TurtleKeyboardExtension */ = {
			isa = PBXNativeTarget;
			buildConfigurationList = DD000002DD000002DD000002 /* Build configuration list for PBXNativeTarget "TurtleKeyboardExtension" */;
			buildPhases = (
				DD000005DD000005DD000005 /* Sources */,
				DD000007DD000007DD000007 /* Frameworks */,
				DD000006DD000006DD000006 /* Resources */,
				HH000030HH000030HH000030 /* Copy shared command prompts */,
			);
			buildRules = (
			);
			dependencies = (
			);
			name = TurtleKeyboardExtension;
			productName = TurtleKeyboardExtension;
			productReference = EE000005EE000005EE000005 /* TurtleKeyboardExtension.appex */;
			productType = "com.apple.product-type.app-extension";
		};
/* End PBXNativeTarget section */

/* Begin PBXProject section */
		AA000001AA000001AA000001 /* Project object */ = {
			isa = PBXProject;
			attributes = {
				BuildIndependentTargetsInParallel = 1;
				LastSwiftUpdateCheck = 1500;
				LastUpgradeCheck = 1500;
				TargetAttributes = {
					BB000001BB000001BB000001 = {
						CreatedOnToolsVersion = 15.0;
					};
					DD000001DD000001DD000001 = {
						CreatedOnToolsVersion = 15.0;
					};
				};
			};
			buildConfigurationList = GG000001GG000001GG000001 /* Build configuration list for PBXProject "TurtleKeyboard" */;
			compatibilityVersion = "Xcode 14.0";
			developmentRegion = en;
			hasScannedForEncodings = 0;
			knownRegions = (
				en,
				Base,
			);
			mainGroup = AA000002AA000002AA000002;
			productRefGroup = AA000003AA000003AA000003 /* Products */;
			projectDirPath = "";
			projectRoot = "";
			targets = (
				BB000001BB000001BB000001 /* TurtleKeyboard */,
				DD000001DD000001DD000001 /* TurtleKeyboardExtension */,
			);
		};
/* End PBXProject section */

/* Begin PBXResourcesBuildPhase section */
		BB000006BB000006BB000006 /* Resources */ = {
			isa = PBXResourcesBuildPhase;
			buildActionMask = 2147483647;
			files = (
			);
			runOnlyForDeploymentPostprocessing = 0;
		};
		DD000006DD000006DD000006 /* Resources */ = {
			isa = PBXResourcesBuildPhase;
			buildActionMask = 2147483647;
			files = (
			);
			runOnlyForDeploymentPostprocessing = 0;
		};
/* End PBXResourcesBuildPhase section */

/* Begin PBXShellScriptBuildPhase section */
		HH000030HH000030HH000030 /* Copy shared command prompts */ = {
			isa = PBXShellScriptBuildPhase;
			buildActionMask = 2147483647;
			files = (
			);
			inputPaths = (
				"$(SRCROOT)/../commands/prompts/ask.txt",
				"$(SRCROOT)/../commands/prompts/org.txt",
				"$(SRCROOT)/../commands/prompts/poll.txt",
				"$(SRCROOT)/../commands/prompts/wyr.txt",
				"$(SRCROOT)/../commands/prompts/search.txt",
				"$(SRCROOT)/../commands/prompts/sticker.txt",
				"$(SRCROOT)/../commands/prompts/sticker_photo.txt",
				"$(SRCROOT)/../commands/prompts/gif.txt",
				"$(SRCROOT)/../commands/dict/en_unigrams.txt",
			);
			name = "Copy shared command prompts";
			outputPaths = (
				"$(BUILT_PRODUCTS_DIR)/$(UNLOCALIZED_RESOURCES_FOLDER_PATH)/ask.txt",
				"$(BUILT_PRODUCTS_DIR)/$(UNLOCALIZED_RESOURCES_FOLDER_PATH)/org.txt",
				"$(BUILT_PRODUCTS_DIR)/$(UNLOCALIZED_RESOURCES_FOLDER_PATH)/poll.txt",
				"$(BUILT_PRODUCTS_DIR)/$(UNLOCALIZED_RESOURCES_FOLDER_PATH)/wyr.txt",
				"$(BUILT_PRODUCTS_DIR)/$(UNLOCALIZED_RESOURCES_FOLDER_PATH)/search.txt",
				"$(BUILT_PRODUCTS_DIR)/$(UNLOCALIZED_RESOURCES_FOLDER_PATH)/sticker.txt",
				"$(BUILT_PRODUCTS_DIR)/$(UNLOCALIZED_RESOURCES_FOLDER_PATH)/sticker_photo.txt",
				"$(BUILT_PRODUCTS_DIR)/$(UNLOCALIZED_RESOURCES_FOLDER_PATH)/gif.txt",
				"$(BUILT_PRODUCTS_DIR)/$(UNLOCALIZED_RESOURCES_FOLDER_PATH)/en_unigrams.txt",
			);
			runOnlyForDeploymentPostprocessing = 0;
			shellPath = /bin/sh;
			shellScript = "set -e\nDEST=\"${BUILT_PRODUCTS_DIR}/${UNLOCALIZED_RESOURCES_FOLDER_PATH}\"\nmkdir -p \"$DEST\"\nfor f in \"${SRCROOT}/../commands/prompts\"/*.txt; do\n  [ -e \"$f\" ] || continue\n  cp \"$f\" \"$DEST/\"\ndone\n# Suggestion-engine unigram dictionary — same source-of-truth file the\n# Android keyboard reads from its assets folder. Lives at commands/dict/.\nDICT=\"${SRCROOT}/../commands/dict/en_unigrams.txt\"\nif [ -f \"$DICT\" ]; then\n  cp \"$DICT\" \"$DEST/\"\nfi\n";
		};
/* End PBXShellScriptBuildPhase section */

/* Begin PBXSourcesBuildPhase section */
		BB000005BB000005BB000005 /* Sources */ = {
			isa = PBXSourcesBuildPhase;
			buildActionMask = 2147483647;
			files = (
				CC000003CC000003CC000003 /* AppDelegate.swift in Sources */,
				CC000005CC000005CC000005 /* ViewController.swift in Sources */,
				HH000060HH000060HH000060 /* SplitDetailViewController.swift in Sources */,
				HH000062HH000062HH000062 /* SplitTypes.swift in Sources */,
				HH000070HH000070HH000070 /* SplitKeychain.swift in Sources */,
				HH000072HH000072HH000072 /* SplitOAuth.swift in Sources */,
				HH000074HH000074HH000074 /* SplitSheetsClient.swift in Sources */,
				HH000076HH000076HH000076 /* SplitDriveClient.swift in Sources */,
				HH000078HH000078HH000078 /* SplitCloudSync.swift in Sources */,
				HH000331HH000331HH000331 /* SplitFreshTokenProvider.swift in Sources */,
				HH000334HH000334HH000334 /* SplitKeychainTokenProvider.swift in Sources */,
				HH000337HH000337HH000337 /* SplitOAuthConstants.swift in Sources */,
				HH000104HH000104HH000104 /* NotionAuth.swift in Sources */,
				HH000106HH000106HH000106 /* SlackAuth.swift in Sources */,
				HH000108HH000108HH000108 /* NotionConnectViewController.swift in Sources */,
				HH000110HH000110HH000110 /* SlackConnectViewController.swift in Sources */,
				HH000112HH000112HH000112 /* NotionTypes.swift in Sources */,
				HH000113HH000113HH000113 /* SlackTypes.swift in Sources */,
				HH000114HH000114HH000114 /* NotionClient.swift in Sources */,
				HH000115HH000115HH000115 /* SlackClient.swift in Sources */,
				HH000142HH000142HH000142 /* PersonalizationViewController.swift in Sources */,
				HH000144HH000144HH000144 /* PersonalizationKeys.swift in Sources */,
				HH000150HH000150HH000150 /* Secrets.swift in Sources */,
				HH000322HH000322HH000322 /* KeyboardTheme.swift in Sources */,
				HH000325HH000325HH000325 /* KeyboardThemeManager.swift in Sources */,
				HH000360HH000360HH000360 /* PollSheetViewController.swift in Sources */,
				HH000362HH000362HH000362 /* WyrSheetViewController.swift in Sources */,
				HH000400HH000400HH000400 /* VoiceRecordingViewController.swift in Sources */,
				HH000410HH000410HH000410 /* VoiceSessionManager.swift in Sources */,
				HH000364HH000364HH000364 /* WorkerUrls.swift in Sources */,
				HH000365HH000365HH000365 /* PollClient.swift in Sources */,
				HH000366HH000366HH000366 /* WyrClient.swift in Sources */,
				HH000372HH000372HH000372 /* ImageHistory.swift in Sources */,
				HH000373HH000373HH000373 /* HistoryViewController.swift in Sources */,
				HH000200HH000200HH000200 /* QrRenderer.swift in Sources */,
				HH000202HH000202HH000202 /* JoinSplitViewController.swift in Sources */,
			);
			runOnlyForDeploymentPostprocessing = 0;
		};
		DD000005DD000005DD000005 /* Sources */ = {
			isa = PBXSourcesBuildPhase;
			buildActionMask = 2147483647;
			files = (
				EE000003EE000003EE000003 /* KeyboardViewController.swift in Sources */,
				HH000004HH000004HH000004 /* Models.swift in Sources */,
				HH000014HH000014HH000014 /* AITypes.swift in Sources */,
				HH000015HH000015HH000015 /* KeyStore.swift in Sources */,
				HH000016HH000016HH000016 /* ModelRegistry.swift in Sources */,
				HH000017HH000017HH000017 /* CommandRouter.swift in Sources */,
				HH000020HH000020HH000020 /* GoogleProvider.swift in Sources */,
				HH000025HH000025HH000025 /* PromptLoader.swift in Sources */,
				HH000441HH000441HH000441 /* StylePresets.swift in Sources */,
				HH000443HH000443HH000443 /* AlphaMatte.swift in Sources */,
				HH000445HH000445HH000445 /* MattePrompts.swift in Sources */,
				HH000451HH000451HH000451 /* SpriteSheetSlicer.swift in Sources */,
				HH000034HH000034HH000034 /* OrgImageRenderer.swift in Sources */,
				HH000036HH000036HH000036 /* VoiceInputController.swift in Sources */,
				HH000040HH000040HH000040 /* IntegrationKit.swift in Sources */,
				HH000042HH000042HH000042 /* IntegrationRegistry.swift in Sources */,
				HH000044HH000044HH000044 /* SplitTypes.swift in Sources */,
				HH000046HH000046HH000046 /* SplitIntegration.swift in Sources */,
				HH000048HH000048HH000048 /* SplitPanelView.swift in Sources */,
				HH000050HH000050HH000050 /* SplitHistoryView.swift in Sources */,
				HH000090HH000090HH000090 /* NotionTypes.swift in Sources */,
				HH000092HH000092HH000092 /* NotionClient.swift in Sources */,
				HH000094HH000094HH000094 /* NotionLlmBridge.swift in Sources */,
				HH000096HH000096HH000096 /* NotionIntegration.swift in Sources */,
				HH000098HH000098HH000098 /* SlackTypes.swift in Sources */,
				HH000100HH000100HH000100 /* SlackClient.swift in Sources */,
				HH000102HH000102HH000102 /* SlackIntegration.swift in Sources */,
				HH000120HH000120HH000120 /* KeyRows.swift in Sources */,
				HH000122HH000122HH000122 /* KeyboardPalette.swift in Sources */,
				HH000124HH000124HH000124 /* SlashCommand.swift in Sources */,
				HH000130HH000130HH000130 /* QuickPanelView.swift in Sources */,
				HH000420HH000420HH000420 /* HistoryPanelView.swift in Sources */,
				HH000430HH000430HH000430 /* CommandSuggestionStripView.swift in Sources */,
				HH000140HH000140HH000140 /* PersonalizationKeys.swift in Sources */,
				HH000220HH000220HH000220 /* WorkerUrls.swift in Sources */,
				HH000222HH000222HH000222 /* PollClient.swift in Sources */,
				HH000224HH000224HH000224 /* PollIntegration.swift in Sources */,
				HH000230HH000230HH000230 /* WyrClient.swift in Sources */,
				HH000232HH000232HH000232 /* WyrIntegration.swift in Sources */,
				HH000300HH000300HH000300 /* WebIntegration.swift in Sources */,
				HH000302HH000302HH000302 /* WebPanelView.swift in Sources */,
				HH000310HH000310HH000310 /* SuggestedShortcut.swift in Sources */,
				HH000312HH000312HH000312 /* SuggestedShortcutCatalog.swift in Sources */,
				HH000321HH000321HH000321 /* KeyboardTheme.swift in Sources */,
				HH000324HH000324HH000324 /* KeyboardThemeManager.swift in Sources */,
				HH000332HH000332HH000332 /* SplitFreshTokenProvider.swift in Sources */,
				HH000335HH000335HH000335 /* SplitKeychainTokenProvider.swift in Sources */,
				HH000338HH000338HH000338 /* SplitOAuthConstants.swift in Sources */,
				HH000340HH000340HH000340 /* SplitKeychain.swift in Sources */,
				HH000341HH000341HH000341 /* SplitSheetsClient.swift in Sources */,
				HH000342HH000342HH000342 /* SplitDriveClient.swift in Sources */,
				HH000343HH000343HH000343 /* SplitCloudSync.swift in Sources */,
				HH000350HH000350HH000350 /* ImageVariants.swift in Sources */,
				HH000370HH000370HH000370 /* ImageHistory.swift in Sources */,
				HH000375HH000375HH000375 /* PresetChipStripView.swift in Sources */,
				HH000380HH000380HH000380 /* ImageDownsizer.swift in Sources */,
				HH000240HH000240HH000240 /* Secrets.swift in Sources */,
			);
			runOnlyForDeploymentPostprocessing = 0;
		};
/* End PBXSourcesBuildPhase section */

/* Begin PBXTargetDependency section */
		FF000003FF000003FF000003 /* PBXTargetDependency */ = {
			isa = PBXTargetDependency;
			target = DD000001DD000001DD000001 /* TurtleKeyboardExtension */;
			targetProxy = FF000002FF000002FF000002 /* PBXContainerItemProxy */;
		};
/* End PBXTargetDependency section */

/* Begin XCBuildConfiguration section */
		BB000003BB000003BB000003 /* Debug */ = {
			isa = XCBuildConfiguration;
			buildSettings = {
				CODE_SIGN_ALLOW_ENTITLEMENTS_MODIFICATION = YES;
				CODE_SIGN_ENTITLEMENTS = TurtleKeyboard/TurtleKeyboard.entitlements;
				CURRENT_PROJECT_VERSION = 1;
				DEVELOPMENT_TEAM = AHV2R8U5DW;
				GENERATE_INFOPLIST_FILE = NO;
				INFOPLIST_FILE = TurtleKeyboard/Info.plist;
				IPHONEOS_DEPLOYMENT_TARGET = 15.0;
				LD_RUNPATH_SEARCH_PATHS = (
					"$(inherited)",
					"@executable_path/Frameworks",
				);
				MARKETING_VERSION = 1.0;
				PRODUCT_BUNDLE_IDENTIFIER = com.samarth.turtlekeyboard;
				PRODUCT_NAME = "$(TARGET_NAME)";
				SWIFT_EMIT_LOC_STRINGS = YES;
				SWIFT_VERSION = 5.0;
				TARGETED_DEVICE_FAMILY = 1;
			};
			name = Debug;
		};
		BB000004BB000004BB000004 /* Release */ = {
			isa = XCBuildConfiguration;
			buildSettings = {
				CODE_SIGN_ALLOW_ENTITLEMENTS_MODIFICATION = YES;
				CODE_SIGN_ENTITLEMENTS = TurtleKeyboard/TurtleKeyboard.entitlements;
				CURRENT_PROJECT_VERSION = 1;
				DEVELOPMENT_TEAM = AHV2R8U5DW;
				GENERATE_INFOPLIST_FILE = NO;
				INFOPLIST_FILE = TurtleKeyboard/Info.plist;
				IPHONEOS_DEPLOYMENT_TARGET = 15.0;
				LD_RUNPATH_SEARCH_PATHS = (
					"$(inherited)",
					"@executable_path/Frameworks",
				);
				MARKETING_VERSION = 1.0;
				PRODUCT_BUNDLE_IDENTIFIER = com.samarth.turtlekeyboard;
				PRODUCT_NAME = "$(TARGET_NAME)";
				SWIFT_EMIT_LOC_STRINGS = YES;
				SWIFT_VERSION = 5.0;
				TARGETED_DEVICE_FAMILY = 1;
			};
			name = Release;
		};
		DD000003DD000003DD000003 /* Debug */ = {
			isa = XCBuildConfiguration;
			buildSettings = {
				CODE_SIGN_ALLOW_ENTITLEMENTS_MODIFICATION = YES;
				CODE_SIGN_ENTITLEMENTS = TurtleKeyboardExtension/TurtleKeyboardExtension.entitlements;
				CURRENT_PROJECT_VERSION = 1;
				DEVELOPMENT_TEAM = AHV2R8U5DW;
				GENERATE_INFOPLIST_FILE = NO;
				INFOPLIST_FILE = TurtleKeyboardExtension/Info.plist;
				IPHONEOS_DEPLOYMENT_TARGET = 15.0;
				LD_RUNPATH_SEARCH_PATHS = (
					"$(inherited)",
					"@executable_path/Frameworks",
					"@executable_path/../../Frameworks",
				);
				MARKETING_VERSION = 1.0;
				PRODUCT_BUNDLE_IDENTIFIER = com.samarth.turtlekeyboard.keyboard;
				PRODUCT_NAME = "$(TARGET_NAME)";
				SKIP_INSTALL = YES;
				SWIFT_EMIT_LOC_STRINGS = YES;
				SWIFT_VERSION = 5.0;
				TARGETED_DEVICE_FAMILY = 1;
			};
			name = Debug;
		};
		DD000004DD000004DD000004 /* Release */ = {
			isa = XCBuildConfiguration;
			buildSettings = {
				CODE_SIGN_ALLOW_ENTITLEMENTS_MODIFICATION = YES;
				CODE_SIGN_ENTITLEMENTS = TurtleKeyboardExtension/TurtleKeyboardExtension.entitlements;
				CURRENT_PROJECT_VERSION = 1;
				DEVELOPMENT_TEAM = AHV2R8U5DW;
				GENERATE_INFOPLIST_FILE = NO;
				INFOPLIST_FILE = TurtleKeyboardExtension/Info.plist;
				IPHONEOS_DEPLOYMENT_TARGET = 15.0;
				LD_RUNPATH_SEARCH_PATHS = (
					"$(inherited)",
					"@executable_path/Frameworks",
					"@executable_path/../../Frameworks",
				);
				MARKETING_VERSION = 1.0;
				PRODUCT_BUNDLE_IDENTIFIER = com.samarth.turtlekeyboard.keyboard;
				PRODUCT_NAME = "$(TARGET_NAME)";
				SKIP_INSTALL = YES;
				SWIFT_EMIT_LOC_STRINGS = YES;
				SWIFT_VERSION = 5.0;
				TARGETED_DEVICE_FAMILY = 1;
			};
			name = Release;
		};
		GG000002GG000002GG000002 /* Debug */ = {
			isa = XCBuildConfiguration;
			buildSettings = {
				ALWAYS_SEARCH_USER_PATHS = NO;
				CLANG_CXX_LANGUAGE_STANDARD = "gnu++20";
				CLANG_ENABLE_MODULES = YES;
				CLANG_ENABLE_OBJC_ARC = YES;
				CLANG_ENABLE_OBJC_WEAK = YES;
				CLANG_WARN_BLOCK_CAPTURE_AUTORELEASING = YES;
				CLANG_WARN_BOOL_CONVERSION = YES;
				CLANG_WARN_COMMA = YES;
				CLANG_WARN_CONSTANT_CONVERSION = YES;
				CLANG_WARN_DEPRECATED_OBJC_IMPLEMENTATIONS = YES;
				CLANG_WARN_DIRECT_OBJC_ISA_USAGE = YES_ERROR;
				CLANG_WARN_EMPTY_BODY = YES;
				CLANG_WARN_ENUM_CONVERSION = YES;
				CLANG_WARN_INT_CONVERSION = YES;
				CLANG_WARN_NON_LITERAL_NULL_CONVERSION = YES;
				CLANG_WARN_OBJC_IMPLICIT_RETAIN_CYCLES = YES;
				CLANG_WARN_OBJC_LITERAL_CONVERSION = YES;
				CLANG_WARN_OBJC_ROOT_CLASS = YES_ERROR;
				CLANG_WARN_RANGE_LOOP_ANALYSIS = YES;
				CLANG_WARN_STRICT_PROTOTYPES = YES;
				CLANG_WARN_SUSPICIOUS_MOVE = YES;
				CLANG_WARN_UNGUARDED_AVAILABILITY = YES_AGGRESSIVE;
				CLANG_WARN_UNREACHABLE_CODE = YES;
				CLANG_WARN__DUPLICATE_METHOD_MATCH = YES;
				COPY_PHASE_STRIP = NO;
				DEBUG_INFORMATION_FORMAT = dwarf;
				ENABLE_STRICT_OBJC_MSGSEND = YES;
				ENABLE_TESTABILITY = YES;
				GCC_C_LANGUAGE_STANDARD = gnu17;
				GCC_DYNAMIC_NO_PIC = NO;
				GCC_NO_COMMON_BLOCKS = YES;
				GCC_OPTIMIZATION_LEVEL = 0;
				GCC_PREPROCESSOR_DEFINITIONS = (
					"DEBUG=1",
					"$(inherited)",
				);
				GCC_WARN_64_TO_32_BIT_CONVERSION = YES;
				GCC_WARN_ABOUT_RETURN_TYPE = YES_ERROR;
				GCC_WARN_UNDECLARED_SELECTOR = YES;
				GCC_WARN_UNINITIALIZED_AUTOS = YES_AGGRESSIVE;
				GCC_WARN_UNUSED_FUNCTION = YES;
				GCC_WARN_UNUSED_VARIABLE = YES;
				IPHONEOS_DEPLOYMENT_TARGET = 15.0;
				MTL_ENABLE_DEBUG_INFO = INCLUDE_SOURCE;
				MTL_FAST_MATH = YES;
				ONLY_ACTIVE_ARCH = YES;
				SDKROOT = iphoneos;
				SWIFT_ACTIVE_COMPILATION_CONDITIONS = DEBUG;
				SWIFT_OPTIMIZATION_LEVEL = "-Onone";
			};
			name = Debug;
		};
		GG000003GG000003GG000003 /* Release */ = {
			isa = XCBuildConfiguration;
			buildSettings = {
				ALWAYS_SEARCH_USER_PATHS = NO;
				CLANG_CXX_LANGUAGE_STANDARD = "gnu++20";
				CLANG_ENABLE_MODULES = YES;
				CLANG_ENABLE_OBJC_ARC = YES;
				CLANG_ENABLE_OBJC_WEAK = YES;
				CLANG_WARN_BLOCK_CAPTURE_AUTORELEASING = YES;
				CLANG_WARN_BOOL_CONVERSION = YES;
				CLANG_WARN_COMMA = YES;
				CLANG_WARN_CONSTANT_CONVERSION = YES;
				CLANG_WARN_DEPRECATED_OBJC_IMPLEMENTATIONS = YES;
				CLANG_WARN_DIRECT_OBJC_ISA_USAGE = YES_ERROR;
				CLANG_WARN_EMPTY_BODY = YES;
				CLANG_WARN_ENUM_CONVERSION = YES;
				CLANG_WARN_INT_CONVERSION = YES;
				CLANG_WARN_NON_LITERAL_NULL_CONVERSION = YES;
				CLANG_WARN_OBJC_IMPLICIT_RETAIN_CYCLES = YES;
				CLANG_WARN_OBJC_LITERAL_CONVERSION = YES;
				CLANG_WARN_OBJC_ROOT_CLASS = YES_ERROR;
				CLANG_WARN_RANGE_LOOP_ANALYSIS = YES;
				CLANG_WARN_STRICT_PROTOTYPES = YES;
				CLANG_WARN_SUSPICIOUS_MOVE = YES;
				CLANG_WARN_UNGUARDED_AVAILABILITY = YES_AGGRESSIVE;
				CLANG_WARN_UNREACHABLE_CODE = YES;
				CLANG_WARN__DUPLICATE_METHOD_MATCH = YES;
				COPY_PHASE_STRIP = NO;
				DEBUG_INFORMATION_FORMAT = "dwarf-with-dsym";
				ENABLE_NS_ASSERTIONS = NO;
				ENABLE_STRICT_OBJC_MSGSEND = YES;
				GCC_C_LANGUAGE_STANDARD = gnu17;
				GCC_NO_COMMON_BLOCKS = YES;
				GCC_WARN_64_TO_32_BIT_CONVERSION = YES;
				GCC_WARN_ABOUT_RETURN_TYPE = YES_ERROR;
				GCC_WARN_UNDECLARED_SELECTOR = YES;
				GCC_WARN_UNINITIALIZED_AUTOS = YES_AGGRESSIVE;
				GCC_WARN_UNUSED_FUNCTION = YES;
				GCC_WARN_UNUSED_VARIABLE = YES;
				IPHONEOS_DEPLOYMENT_TARGET = 15.0;
				MTL_FAST_MATH = YES;
				SDKROOT = iphoneos;
				SWIFT_COMPILATION_MODE = wholemodule;
				SWIFT_OPTIMIZATION_LEVEL = "-O";
				VALIDATE_PRODUCT = YES;
			};
			name = Release;
		};
/* End XCBuildConfiguration section */

/* Begin XCConfigurationList section */
		BB000002BB000002BB000002 /* Build configuration list for PBXNativeTarget "TurtleKeyboard" */ = {
			isa = XCConfigurationList;
			buildConfigurations = (
				BB000003BB000003BB000003 /* Debug */,
				BB000004BB000004BB000004 /* Release */,
			);
			defaultConfigurationIsVisible = 0;
			defaultConfigurationName = Release;
		};
		DD000002DD000002DD000002 /* Build configuration list for PBXNativeTarget "TurtleKeyboardExtension" */ = {
			isa = XCConfigurationList;
			buildConfigurations = (
				DD000003DD000003DD000003 /* Debug */,
				DD000004DD000004DD000004 /* Release */,
			);
			defaultConfigurationIsVisible = 0;
			defaultConfigurationName = Release;
		};
		GG000001GG000001GG000001 /* Build configuration list for PBXProject "TurtleKeyboard" */ = {
			isa = XCConfigurationList;
			buildConfigurations = (
				GG000002GG000002GG000002 /* Debug */,
				GG000003GG000003GG000003 /* Release */,
			);
			defaultConfigurationIsVisible = 0;
			defaultConfigurationName = Release;
		};
/* End XCConfigurationList section */
	};
	rootObject = AA000001AA000001AA000001 /* Project object */;
}
